Microsoft Visual Studio Solution File, Format Version 12.00
# Visual Studio Version 17
VisualStudioVersion = 17.0.32126.317
MinimumVisualStudioVersion = 10.0.40219.1
Project("{8BC9CEB8-8B4A-11D0-8D11-00A0C91BC942}") = "GlareEngine", "GlareEngine\GlareEngine.vcxproj", "{819B941B-3428-4FAA-A97E-5A0611C634E6}"
EndProject
Project("{8BC9CEB8-8B4A-11D0-8D11-00A0C91BC942}") = "GameDemo", "GameDemo\GameDemo.vcxproj", "{A0BBF2F5-5EE7-46AB-8B74-2779591EC727}"
	ProjectSection(ProjectDependencies) = postProject
		{819B941B-3428-4FAA-A97E-5A0611C634E6} = {819B941B-3428-4FAA-A97E-5A0611C634E6}
	EndProjectSection
EndProject
Project("{8BC9CEB8-8B4A-11D0-8D11-00A0C91BC942}") = "EngineDemo(Old Framework)", "EngineDemo(Old Framework)\EngineDemo(Old Framework).vcxproj", "{D45CF84C-7CDB-4F17-8995-A7F55D58BF79}"
	ProjectSection(ProjectDependencies) = postProject
		{819B941B-3428-4FAA-A97E-5A0611C634E6} = {819B941B-3428-4FAA-A97E-5A0611C634E6}
	EndProjectSection
EndProject
Project("{2150E333-8FDC-42A3-9474-1A3956D46DE8}") = "Engine", "Engine", "{DBE6FCC7-D04C-48DE-9AC3-35042E2CEDAD}"
EndProject
Project("{2150E333-8FDC-42A3-9474-1A3956D46DE8}") = "Game", "Game", "{AFDA5EC9-6512-4337-ADF8-D4B6FC539DA6}"
EndProject
Global
	GlobalSection(SolutionConfigurationPlatforms) = preSolution
		Debug|x64 = Debug|x64
		Debug|x86 = Debug|x86
		Release|x64 = Release|x64
		Release|x86 = Release|x86
	EndGlobalSection
	GlobalSection(ProjectConfigurationPlatforms) = postSolution
		{819B941B-3428-4FAA-A97E-5A0611C634E6}.Debug|x64.ActiveCfg = Debug|x64
		{819B941B-3428-4FAA-A97E-5A0611C634E6}.Debug|x64.Build.0 = Debug|x64
		{819B941B-3428-4FAA-A97E-5A0611C634E6}.Debug|x86.ActiveCfg = Debug|Win32
		{819B941B-3428-4FAA-A97E-5A0611C634E6}.Debug|x86.Build.0 = Debug|Win32
		{819B941B-3428-4FAA-A97E-5A0611C634E6}.Release|x64.ActiveCfg = Release|x64
		{819B941B-3428-4FAA-A97E-5A0611C634E6}.Release|x64.Build.0 = Release|x64
		{819B941B-3428-4FAA-A97E-5A0611C634E6}.Release|x86.ActiveCfg = Release|Win32
		{819B941B-3428-4FAA-A97E-5A0611C634E6}.Release|x86.Build.0 = Release|Win32
		{A0BBF2F5-5EE7-46AB-8B74-2779591EC727}.Debug|x64.ActiveCfg = Debug|x64
		{A0BBF2F5-5EE7-46AB-8B74-2779591EC727}.Debug|x64.Build.0 = Debug|x64
		{A0BBF2F5-5EE7-46AB-8B74-2779591EC727}.Debug|x86.ActiveCfg = Debug|Win32
		{A0BBF2F5-5EE7-46AB-8B74-2779591EC727}.Debug|x86.Build.0 = Debug|Win32
		{A0BBF2F5-5EE7-46AB-8B74-2779591EC727}.Release|x64.ActiveCfg = Release|x64
		{A0BBF2F5-5EE7-46AB-8B74-2779591EC727}.Release|x64.Build.0 = Release|x64
		{A0BBF2F5-5EE7-46AB-8B74-2779591EC727}.Release|x86.ActiveCfg = Release|Win32
		{A0BBF2F5-5EE7-46AB-8B74-2779591EC727}.Release|x86.Build.0 = Release|Win32
		{D45CF84C-7CDB-4F17-8995-A7F55D58BF79}.Debug|x64.ActiveCfg = Debug|x64
		{D45CF84C-7CDB-4F17-8995-A7F55D58BF79}.Debug|x64.Build.0 = Debug|x64
		{D45CF84C-7CDB-4F17-8995-A7F55D58BF79}.Debug|x86.ActiveCfg = Debug|Win32
		{D45CF84C-7CDB-4F17-8995-A7F55D58BF79}.Debug|x86.Build.0 = Debug|Win32
		{D45CF84C-7CDB-4F17-8995-A7F55D58BF79}.Release|x64.ActiveCfg = Release|x64
		{D45CF84C-7CDB-4F17-8995-A7F55D58BF79}.Release|x64.Build.0 = Release|x64
		{D45CF84C-7CDB-4F17-8995-A7F55D58BF79}.Release|x86.ActiveCfg = Release|Win32
		{D45CF84C-7CDB-4F17-8995-A7F55D58BF79}.Release|x86.Build.0 = Release|Win32
	EndGlobalSection
	GlobalSection(SolutionProperties) = preSolution
		HideSolutionNode = FALSE
	EndGlobalSection
	GlobalSection(NestedProjects) = preSolution
		{819B941B-3428-4FAA-A97E-5A0611C634E6} = {DBE6FCC7-D04C-48DE-9AC3-35042E2CEDAD}
		{A0BBF2F5-5EE7-46AB-8B74-2779591EC727} = {AFDA5EC9-6512-4337-ADF8-D4B6FC539DA6}
		{D45CF84C-7CDB-4F17-8995-A7F55D58BF79} = {AFDA5EC9-6512-4337-ADF8-D4B6FC539DA6}
	EndGlobalSection
	GlobalSection(ExtensibilityGlobals) = postSolution
		SolutionGuid = {30A6B1C5-BEE3-488B-B804-ACA7330DD168}
	EndGlobalSection
EndGlobal
