Microsoft Visual Studio Solution File, Format Version 12.00
# Visual Studio Version 16
VisualStudioVersion = 16.0.32630.194
MinimumVisualStudioVersion = 10.0.40219.1
Project("{8BC9CEB8-8B4A-11D0-8D11-00A0C91BC942}") = "GameDemo", "GameDemo\GameDemo.vcxproj", "{A0BBF2F5-5EE7-46AB-8B74-2779591EC727}"
EndProject
Project("{8BC9CEB8-8B4A-11D0-8D11-00A0C91BC942}") = "EngineDemo(Old Framework)", "EngineDemo(Old Framework)\EngineDemo(Old Framework).vcxproj", "{D45CF84C-7CDB-4F17-8995-A7F55D58BF79}"
	ProjectSection(ProjectDependencies) = postProject
		{3E0E8608-CD9B-4C76-AF33-29CA38F2C9F0} = {3E0E8608-CD9B-4C76-AF33-29CA38F2C9F0}
		{A058C94A-A4B9-444F-AFB8-7DCC5B13F332} = {A058C94A-A4B9-444F-AFB8-7DCC5B13F332}
		{F41F1B83-A09F-3F8B-9E23-E317407438CF} = {F41F1B83-A09F-3F8B-9E23-E317407438CF}
		{418D53F5-AF42-3E30-9373-463519961858} = {418D53F5-AF42-3E30-9373-463519961858}
	EndProjectSection
EndProject
Project("{2150E333-8FDC-42A3-9474-1A3956D46DE8}") = "Edit", "Edit", "{AFDA5EC9-6512-4337-ADF8-D4B6FC539DA6}"
EndProject
Project("{2150E333-8FDC-42A3-9474-1A3956D46DE8}") = "Engine", "Engine", "{A7968694-DACF-400D-9988-0C241D6D7F91}"
EndProject
Project("{8BC9CEB8-8B4A-11D0-8D11-00A0C91BC942}") = "GlareEngine", "GlareEngine\GlareEngine.vcxproj", "{A058C94A-A4B9-444F-AFB8-7DCC5B13F332}"
EndProject
Project("{2150E333-8FDC-42A3-9474-1A3956D46DE8}") = "3rd", "3rd", "{E9CACC9B-F68D-47E9-A5FE-7C227EA5EFB6}"
EndProject
Project("{8BC9CEB8-8B4A-11D0-8D11-00A0C91BC942}") = "DirectXTK12", "3rd\DirectXTK12\DirectXTK_Desktop_2019_Win10.vcxproj", "{3E0E8608-CD9B-4C76-AF33-29CA38F2C9F0}"
EndProject
Project("{8BC9CEB8-8B4A-11D0-8D11-00A0C91BC942}") = "assimp", "3rd\assimp\MSBuild\code\assimp.vcxproj", "{418D53F5-AF42-3E30-9373-463519961858}"
	ProjectSection(ProjectDependencies) = postProject
		{F41F1B83-A09F-3F8B-9E23-E317407438CF} = {F41F1B83-A09F-3F8B-9E23-E317407438CF}
	EndProjectSection
EndProject
Project("{8BC9CEB8-8B4A-11D0-8D11-00A0C91BC942}") = "zlibstatic", "3rd\zlib\bulid\zlibstatic.vcxproj", "{F41F1B83-A09F-3F8B-9E23-E317407438CF}"
EndProject
Global
	GlobalSection(SolutionConfigurationPlatforms) = preSolution
		Debug|ARM64 = Debug|ARM64
		Debug|x64 = Debug|x64
		Debug|x86 = Debug|x86
		MinSizeRel|ARM64 = MinSizeRel|ARM64
		MinSizeRel|x64 = MinSizeRel|x64
		MinSizeRel|x86 = MinSizeRel|x86
		Release|ARM64 = Release|ARM64
		Release|x64 = Release|x64
		Release|x86 = Release|x86
		RelWithDebInfo|ARM64 = RelWithDebInfo|ARM64
		RelWithDebInfo|x64 = RelWithDebInfo|x64
		RelWithDebInfo|x86 = RelWithDebInfo|x86
	EndGlobalSection
	GlobalSection(ProjectConfigurationPlatforms) = postSolution
		{A0BBF2F5-5EE7-46AB-8B74-2779591EC727}.Debug|ARM64.ActiveCfg = Debug|Win32
		{A0BBF2F5-5EE7-46AB-8B74-2779591EC727}.Debug|x64.ActiveCfg = Debug|x64
		{A0BBF2F5-5EE7-46AB-8B74-2779591EC727}.Debug|x64.Build.0 = Debug|x64
		{A0BBF2F5-5EE7-46AB-8B74-2779591EC727}.Debug|x86.ActiveCfg = Debug|Win32
		{A0BBF2F5-5EE7-46AB-8B74-2779591EC727}.Debug|x86.Build.0 = Debug|Win32
		{A0BBF2F5-5EE7-46AB-8B74-2779591EC727}.MinSizeRel|ARM64.ActiveCfg = Release|Win32
		{A0BBF2F5-5EE7-46AB-8B74-2779591EC727}.MinSizeRel|ARM64.Build.0 = Release|Win32
		{A0BBF2F5-5EE7-46AB-8B74-2779591EC727}.MinSizeRel|x64.ActiveCfg = Release|x64
		{A0BBF2F5-5EE7-46AB-8B74-2779591EC727}.MinSizeRel|x64.Build.0 = Release|x64
		{A0BBF2F5-5EE7-46AB-8B74-2779591EC727}.MinSizeRel|x86.ActiveCfg = Release|Win32
		{A0BBF2F5-5EE7-46AB-8B74-2779591EC727}.MinSizeRel|x86.Build.0 = Release|Win32
		{A0BBF2F5-5EE7-46AB-8B74-2779591EC727}.Release|ARM64.ActiveCfg = Release|Win32
		{A0BBF2F5-5EE7-46AB-8B74-2779591EC727}.Release|x64.ActiveCfg = Release|x64
		{A0BBF2F5-5EE7-46AB-8B74-2779591EC727}.Release|x64.Build.0 = Release|x64
		{A0BBF2F5-5EE7-46AB-8B74-2779591EC727}.Release|x86.ActiveCfg = Release|Win32
		{A0BBF2F5-5EE7-46AB-8B74-2779591EC727}.Release|x86.Build.0 = Release|Win32
		{A0BBF2F5-5EE7-46AB-8B74-2779591EC727}.RelWithDebInfo|ARM64.ActiveCfg = Release|Win32
		{A0BBF2F5-5EE7-46AB-8B74-2779591EC727}.RelWithDebInfo|ARM64.Build.0 = Release|Win32
		{A0BBF2F5-5EE7-46AB-8B74-2779591EC727}.RelWithDebInfo|x64.ActiveCfg = Release|x64
		{A0BBF2F5-5EE7-46AB-8B74-2779591EC727}.RelWithDebInfo|x64.Build.0 = Release|x64
		{A0BBF2F5-5EE7-46AB-8B74-2779591EC727}.RelWithDebInfo|x86.ActiveCfg = Release|Win32
		{A0BBF2F5-5EE7-46AB-8B74-2779591EC727}.RelWithDebInfo|x86.Build.0 = Release|Win32
		{D45CF84C-7CDB-4F17-8995-A7F55D58BF79}.Debug|ARM64.ActiveCfg = Debug|Win32
		{D45CF84C-7CDB-4F17-8995-A7F55D58BF79}.Debug|x64.ActiveCfg = Debug|x64
		{D45CF84C-7CDB-4F17-8995-A7F55D58BF79}.Debug|x64.Build.0 = Debug|x64
		{D45CF84C-7CDB-4F17-8995-A7F55D58BF79}.Debug|x86.ActiveCfg = Debug|Win32
		{D45CF84C-7CDB-4F17-8995-A7F55D58BF79}.Debug|x86.Build.0 = Debug|Win32
		{D45CF84C-7CDB-4F17-8995-A7F55D58BF79}.MinSizeRel|ARM64.ActiveCfg = Release|Win32
		{D45CF84C-7CDB-4F17-8995-A7F55D58BF79}.MinSizeRel|ARM64.Build.0 = Release|Win32
		{D45CF84C-7CDB-4F17-8995-A7F55D58BF79}.MinSizeRel|x64.ActiveCfg = Release|x64
		{D45CF84C-7CDB-4F17-8995-A7F55D58BF79}.MinSizeRel|x64.Build.0 = Release|x64
		{D45CF84C-7CDB-4F17-8995-A7F55D58BF79}.MinSizeRel|x86.ActiveCfg = Release|Win32
		{D45CF84C-7CDB-4F17-8995-A7F55D58BF79}.MinSizeRel|x86.Build.0 = Release|Win32
		{D45CF84C-7CDB-4F17-8995-A7F55D58BF79}.Release|ARM64.ActiveCfg = Release|Win32
		{D45CF84C-7CDB-4F17-8995-A7F55D58BF79}.Release|x64.ActiveCfg = Release|x64
		{D45CF84C-7CDB-4F17-8995-A7F55D58BF79}.Release|x64.Build.0 = Release|x64
		{D45CF84C-7CDB-4F17-8995-A7F55D58BF79}.Release|x86.ActiveCfg = Release|Win32
		{D45CF84C-7CDB-4F17-8995-A7F55D58BF79}.Release|x86.Build.0 = Release|Win32
		{D45CF84C-7CDB-4F17-8995-A7F55D58BF79}.RelWithDebInfo|ARM64.ActiveCfg = Release|Win32
		{D45CF84C-7CDB-4F17-8995-A7F55D58BF79}.RelWithDebInfo|ARM64.Build.0 = Release|Win32
		{D45CF84C-7CDB-4F17-8995-A7F55D58BF79}.RelWithDebInfo|x64.ActiveCfg = Release|x64
		{D45CF84C-7CDB-4F17-8995-A7F55D58BF79}.RelWithDebInfo|x64.Build.0 = Release|x64
		{D45CF84C-7CDB-4F17-8995-A7F55D58BF79}.RelWithDebInfo|x86.ActiveCfg = Release|Win32
		{D45CF84C-7CDB-4F17-8995-A7F55D58BF79}.RelWithDebInfo|x86.Build.0 = Release|Win32
		{A058C94A-A4B9-444F-AFB8-7DCC5B13F332}.Debug|ARM64.ActiveCfg = Debug|Win32
		{A058C94A-A4B9-444F-AFB8-7DCC5B13F332}.Debug|x64.ActiveCfg = Debug|x64
		{A058C94A-A4B9-444F-AFB8-7DCC5B13F332}.Debug|x64.Build.0 = Debug|x64
		{A058C94A-A4B9-444F-AFB8-7DCC5B13F332}.Debug|x86.ActiveCfg = Debug|Win32
		{A058C94A-A4B9-444F-AFB8-7DCC5B13F332}.Debug|x86.Build.0 = Debug|Win32
		{A058C94A-A4B9-444F-AFB8-7DCC5B13F332}.MinSizeRel|ARM64.ActiveCfg = Debug|Win32
		{A058C94A-A4B9-444F-AFB8-7DCC5B13F332}.MinSizeRel|ARM64.Build.0 = Debug|Win32
		{A058C94A-A4B9-444F-AFB8-7DCC5B13F332}.MinSizeRel|x64.ActiveCfg = Debug|x64
		{A058C94A-A4B9-444F-AFB8-7DCC5B13F332}.MinSizeRel|x64.Build.0 = Debug|x64
		{A058C94A-A4B9-444F-AFB8-7DCC5B13F332}.MinSizeRel|x86.ActiveCfg = Debug|Win32
		{A058C94A-A4B9-444F-AFB8-7DCC5B13F332}.MinSizeRel|x86.Build.0 = Debug|Win32
		{A058C94A-A4B9-444F-AFB8-7DCC5B13F332}.Release|ARM64.ActiveCfg = Release|Win32
		{A058C94A-A4B9-444F-AFB8-7DCC5B13F332}.Release|x64.ActiveCfg = Release|x64
		{A058C94A-A4B9-444F-AFB8-7DCC5B13F332}.Release|x64.Build.0 = Release|x64
		{A058C94A-A4B9-444F-AFB8-7DCC5B13F332}.Release|x86.ActiveCfg = Release|Win32
		{A058C94A-A4B9-444F-AFB8-7DCC5B13F332}.Release|x86.Build.0 = Release|Win32
		{A058C94A-A4B9-444F-AFB8-7DCC5B13F332}.RelWithDebInfo|ARM64.ActiveCfg = Debug|Win32
		{A058C94A-A4B9-444F-AFB8-7DCC5B13F332}.RelWithDebInfo|ARM64.Build.0 = Debug|Win32
		{A058C94A-A4B9-444F-AFB8-7DCC5B13F332}.RelWithDebInfo|x64.ActiveCfg = Release|x64
		{A058C94A-A4B9-444F-AFB8-7DCC5B13F332}.RelWithDebInfo|x64.Build.0 = Release|x64
		{A058C94A-A4B9-444F-AFB8-7DCC5B13F332}.RelWithDebInfo|x86.ActiveCfg = Release|Win32
		{A058C94A-A4B9-444F-AFB8-7DCC5B13F332}.RelWithDebInfo|x86.Build.0 = Release|Win32
		{3E0E8608-CD9B-4C76-AF33-29CA38F2C9F0}.Debug|ARM64.ActiveCfg = Debug|ARM64
		{3E0E8608-CD9B-4C76-AF33-29CA38F2C9F0}.Debug|ARM64.Build.0 = Debug|ARM64
		{3E0E8608-CD9B-4C76-AF33-29CA38F2C9F0}.Debug|x64.ActiveCfg = Debug|x64
		{3E0E8608-CD9B-4C76-AF33-29CA38F2C9F0}.Debug|x64.Build.0 = Debug|x64
		{3E0E8608-CD9B-4C76-AF33-29CA38F2C9F0}.Debug|x86.ActiveCfg = Debug|Win32
		{3E0E8608-CD9B-4C76-AF33-29CA38F2C9F0}.Debug|x86.Build.0 = Debug|Win32
		{3E0E8608-CD9B-4C76-AF33-29CA38F2C9F0}.MinSizeRel|ARM64.ActiveCfg = Debug|ARM64
		{3E0E8608-CD9B-4C76-AF33-29CA38F2C9F0}.MinSizeRel|ARM64.Build.0 = Debug|ARM64
		{3E0E8608-CD9B-4C76-AF33-29CA38F2C9F0}.MinSizeRel|x64.ActiveCfg = Debug|x64
		{3E0E8608-CD9B-4C76-AF33-29CA38F2C9F0}.MinSizeRel|x64.Build.0 = Debug|x64
		{3E0E8608-CD9B-4C76-AF33-29CA38F2C9F0}.MinSizeRel|x86.ActiveCfg = Debug|Win32
		{3E0E8608-CD9B-4C76-AF33-29CA38F2C9F0}.MinSizeRel|x86.Build.0 = Debug|Win32
		{3E0E8608-CD9B-4C76-AF33-29CA38F2C9F0}.Release|ARM64.ActiveCfg = Release|ARM64
		{3E0E8608-CD9B-4C76-AF33-29CA38F2C9F0}.Release|ARM64.Build.0 = Release|ARM64
		{3E0E8608-CD9B-4C76-AF33-29CA38F2C9F0}.Release|x64.ActiveCfg = Release|x64
		{3E0E8608-CD9B-4C76-AF33-29CA38F2C9F0}.Release|x64.Build.0 = Release|x64
		{3E0E8608-CD9B-4C76-AF33-29CA38F2C9F0}.Release|x86.ActiveCfg = Release|Win32
		{3E0E8608-CD9B-4C76-AF33-29CA38F2C9F0}.Release|x86.Build.0 = Release|Win32
		{3E0E8608-CD9B-4C76-AF33-29CA38F2C9F0}.RelWithDebInfo|ARM64.ActiveCfg = Release|ARM64
		{3E0E8608-CD9B-4C76-AF33-29CA38F2C9F0}.RelWithDebInfo|ARM64.Build.0 = Release|ARM64
		{3E0E8608-CD9B-4C76-AF33-29CA38F2C9F0}.RelWithDebInfo|x64.ActiveCfg = Release|x64
		{3E0E8608-CD9B-4C76-AF33-29CA38F2C9F0}.RelWithDebInfo|x64.Build.0 = Release|x64
		{3E0E8608-CD9B-4C76-AF33-29CA38F2C9F0}.RelWithDebInfo|x86.ActiveCfg = Release|Win32
		{3E0E8608-CD9B-4C76-AF33-29CA38F2C9F0}.RelWithDebInfo|x86.Build.0 = Release|Win32
		{418D53F5-AF42-3E30-9373-463519961858}.Debug|ARM64.ActiveCfg = Debug|x64
		{418D53F5-AF42-3E30-9373-463519961858}.Debug|x64.ActiveCfg = Debug|x64
		{418D53F5-AF42-3E30-9373-463519961858}.Debug|x64.Build.0 = Debug|x64
		{418D53F5-AF42-3E30-9373-463519961858}.Debug|x86.ActiveCfg = Debug|x64
		{418D53F5-AF42-3E30-9373-463519961858}.MinSizeRel|ARM64.ActiveCfg = MinSizeRel|x64
		{418D53F5-AF42-3E30-9373-463519961858}.MinSizeRel|x64.ActiveCfg = MinSizeRel|x64
		{418D53F5-AF42-3E30-9373-463519961858}.MinSizeRel|x64.Build.0 = MinSizeRel|x64
		{418D53F5-AF42-3E30-9373-463519961858}.MinSizeRel|x86.ActiveCfg = MinSizeRel|x64
		{418D53F5-AF42-3E30-9373-463519961858}.Release|ARM64.ActiveCfg = Release|x64
		{418D53F5-AF42-3E30-9373-463519961858}.Release|x64.ActiveCfg = Release|x64
		{418D53F5-AF42-3E30-9373-463519961858}.Release|x64.Build.0 = Release|x64
		{418D53F5-AF42-3E30-9373-463519961858}.Release|x86.ActiveCfg = Release|x64
		{418D53F5-AF42-3E30-9373-463519961858}.RelWithDebInfo|ARM64.ActiveCfg = RelWithDebInfo|x64
		{418D53F5-AF42-3E30-9373-463519961858}.RelWithDebInfo|x64.ActiveCfg = RelWithDebInfo|x64
		{418D53F5-AF42-3E30-9373-463519961858}.RelWithDebInfo|x64.Build.0 = RelWithDebInfo|x64
		{418D53F5-AF42-3E30-9373-463519961858}.RelWithDebInfo|x86.ActiveCfg = RelWithDebInfo|x64
		{F41F1B83-A09F-3F8B-9E23-E317407438CF}.Debug|ARM64.ActiveCfg = Debug|x64
		{F41F1B83-A09F-3F8B-9E23-E317407438CF}.Debug|x64.ActiveCfg = Debug|x64
		{F41F1B83-A09F-3F8B-9E23-E317407438CF}.Debug|x64.Build.0 = Debug|x64
		{F41F1B83-A09F-3F8B-9E23-E317407438CF}.Debug|x86.ActiveCfg = Debug|x64
		{F41F1B83-A09F-3F8B-9E23-E317407438CF}.MinSizeRel|ARM64.ActiveCfg = MinSizeRel|x64
		{F41F1B83-A09F-3F8B-9E23-E317407438CF}.MinSizeRel|x64.ActiveCfg = MinSizeRel|x64
		{F41F1B83-A09F-3F8B-9E23-E317407438CF}.MinSizeRel|x64.Build.0 = MinSizeRel|x64
		{F41F1B83-A09F-3F8B-9E23-E317407438CF}.MinSizeRel|x86.ActiveCfg = MinSizeRel|x64
		{F41F1B83-A09F-3F8B-9E23-E317407438CF}.Release|ARM64.ActiveCfg = Release|x64
		{F41F1B83-A09F-3F8B-9E23-E317407438CF}.Release|x64.ActiveCfg = Release|x64
		{F41F1B83-A09F-3F8B-9E23-E317407438CF}.Release|x64.Build.0 = Release|x64
		{F41F1B83-A09F-3F8B-9E23-E317407438CF}.Release|x86.ActiveCfg = Release|x64
		{F41F1B83-A09F-3F8B-9E23-E317407438CF}.RelWithDebInfo|ARM64.ActiveCfg = RelWithDebInfo|x64
		{F41F1B83-A09F-3F8B-9E23-E317407438CF}.RelWithDebInfo|x64.ActiveCfg = RelWithDebInfo|x64
		{F41F1B83-A09F-3F8B-9E23-E317407438CF}.RelWithDebInfo|x64.Build.0 = RelWithDebInfo|x64
		{F41F1B83-A09F-3F8B-9E23-E317407438CF}.RelWithDebInfo|x86.ActiveCfg = RelWithDebInfo|x64
	EndGlobalSection
	GlobalSection(SolutionProperties) = preSolution
		HideSolutionNode = FALSE
	EndGlobalSection
	GlobalSection(NestedProjects) = preSolution
		{A0BBF2F5-5EE7-46AB-8B74-2779591EC727} = {AFDA5EC9-6512-4337-ADF8-D4B6FC539DA6}
		{D45CF84C-7CDB-4F17-8995-A7F55D58BF79} = {AFDA5EC9-6512-4337-ADF8-D4B6FC539DA6}
		{A058C94A-A4B9-444F-AFB8-7DCC5B13F332} = {A7968694-DACF-400D-9988-0C241D6D7F91}
		{3E0E8608-CD9B-4C76-AF33-29CA38F2C9F0} = {E9CACC9B-F68D-47E9-A5FE-7C227EA5EFB6}
		{418D53F5-AF42-3E30-9373-463519961858} = {E9CACC9B-F68D-47E9-A5FE-7C227EA5EFB6}
		{F41F1B83-A09F-3F8B-9E23-E317407438CF} = {E9CACC9B-F68D-47E9-A5FE-7C227EA5EFB6}
	EndGlobalSection
	GlobalSection(ExtensibilityGlobals) = postSolution
		SolutionGuid = {30A6B1C5-BEE3-488B-B804-ACA7330DD168}
	EndGlobalSection
EndGlobal
