<?xml version="1.0" encoding="utf-8"?>
<Project ToolsVersion="4.0" xmlns="http://schemas.microsoft.com/developer/msbuild/2003">
  <ItemGroup>
    <Filter Include="资源文件">
      <UniqueIdentifier>{67DA6AB6-F800-4c08-8B7A-83BB121AAD01}</UniqueIdentifier>
      <Extensions>rc;ico;cur;bmp;dlg;rc2;rct;bin;rgs;gif;jpg;jpeg;jpe;resx;tiff;tif;png;wav;mfcribbon-ms</Extensions>
    </Filter>
    <Filter Include="Textures">
      <UniqueIdentifier>{afbe4a8b-e03c-4627-a574-ce50266d5292}</UniqueIdentifier>
    </Filter>
    <Filter Include="MainSource">
      <UniqueIdentifier>{4FC737F1-C7A5-4376-A066-2A32D752A2FF}</UniqueIdentifier>
      <Extensions>cpp;c;cc;cxx;c++;def;odl;idl;hpj;bat;asm;asmx</Extensions>
    </Filter>
    <Filter Include="Shaders">
      <UniqueIdentifier>{f3e6b7ed-bbb4-403b-9fc6-8b9d9db0fe59}</UniqueIdentifier>
    </Filter>
    <Filter Include="Water">
      <UniqueIdentifier>{6ebc6743-b666-4eb3-a90c-95633b2984de}</UniqueIdentifier>
    </Filter>
    <Filter Include="ShaderSource">
      <UniqueIdentifier>{34f3a5c2-c954-4c57-9d77-1d4bd7142b39}</UniqueIdentifier>
    </Filter>
    <Filter Include="PSO">
      <UniqueIdentifier>{82737a19-a026-4c32-af2f-9a91a66637f4}</UniqueIdentifier>
    </Filter>
    <Filter Include="Core">
      <UniqueIdentifier>{1312ce06-4815-46cd-b329-4b35cf7df9de}</UniqueIdentifier>
    </Filter>
    <Filter Include="Core\Private">
      <UniqueIdentifier>{80d93d6a-cc1d-4d8d-acb5-a6cf03c7af88}</UniqueIdentifier>
    </Filter>
    <Filter Include="Core\Public">
      <UniqueIdentifier>{d983d34f-0cd0-4f96-aaba-04413689cab2}</UniqueIdentifier>
    </Filter>
    <Filter Include="MainSource\Public">
      <UniqueIdentifier>{9644f50e-7e4a-4a10-a1ab-d648578eb0db}</UniqueIdentifier>
    </Filter>
    <Filter Include="MainSource\Private">
      <UniqueIdentifier>{751e6986-631b-4d4a-ab45-77a88484c038}</UniqueIdentifier>
    </Filter>
    <Filter Include="ShaderSource\Public">
      <UniqueIdentifier>{119da44f-cd75-4f06-b842-6c9acdbcf5ed}</UniqueIdentifier>
    </Filter>
    <Filter Include="ShaderSource\Private">
      <UniqueIdentifier>{981dd6ee-b961-41ac-a94c-ba6638a718ee}</UniqueIdentifier>
    </Filter>
    <Filter Include="PSO\Public">
      <UniqueIdentifier>{df6db798-3af9-43fd-b578-4a730b43c766}</UniqueIdentifier>
    </Filter>
    <Filter Include="PSO\Private">
      <UniqueIdentifier>{eec62a95-5a3a-4178-a4e3-dede8323a968}</UniqueIdentifier>
    </Filter>
    <Filter Include="Water\Public">
      <UniqueIdentifier>{4e8e8f0d-84c0-40b1-a740-19ae7f96c57c}</UniqueIdentifier>
    </Filter>
    <Filter Include="Water\Private">
      <UniqueIdentifier>{1fb19b1b-aee5-473f-b224-a6f5021fb047}</UniqueIdentifier>
    </Filter>
  </ItemGroup>
  <ItemGroup>
    <ClInclude Include="ShaderSource\Public\BaseShader.h">
      <Filter>ShaderSource\Public</Filter>
    </ClInclude>
    <ClInclude Include="ShaderSource\Public\GerstnerWaveShader.h">
      <Filter>ShaderSource\Public</Filter>
    </ClInclude>
    <ClInclude Include="ShaderSource\Public\SkyShader.h" />
    <ClInclude Include="ShaderSource\Public\SimpleGeometryInstanceShader.h" />
    <ClInclude Include="RanderEffects\HDRSky\Public\Sky.h" />
    <ClInclude Include="RanderEffects\Shadow\Public\ShadowMap.h" />
    <ClInclude Include="ShaderSource\Public\SimpleGeometryShadowMapShader.h" />
    <ClInclude Include="EngineMain\Public\FrameResource.h">
      <Filter>MainSource\Public</Filter>
    </ClInclude>
    <ClInclude Include="EngineMain\Public\GameMain.h">
      <Filter>MainSource\Public</Filter>
    </ClInclude>
    <ClInclude Include="RanderEffects\SimpleGeoInstance\SimpleGeoInstance.h" />
    <ClInclude Include="RanderEffects\Water\Public\Waves.h">
      <Filter>Water\Public</Filter>
    </ClInclude>
    <ClInclude Include="Animation\ModelMesh.h" />
    <ClInclude Include="Animation\ModelLoader.h" />
    <ClInclude Include="ShaderSource\Public\ComplexStaticModelInstanceShader.h" />
    <ClInclude Include="ShaderSource\Public\SkinAnimeShader.h" />
    <ClInclude Include="Animation\AnimEvaluator.h" />
    <ClInclude Include="Animation\Animations.h" />
    <ClInclude Include="Animation\OzzAnimePlayBack.h" />
    <ClInclude Include="RanderEffects\ShockWaveWater\Public\ShockWaveWater.h" />
    <ClInclude Include="ShaderSource\Public\WaterRefractionMaskShader.h" />
    <ClInclude Include="ShaderSource\Public\ShockWaveWaterShader.h" />
    <ClInclude Include="EngineMain\Public\resource.h" />
    <ClInclude Include="RanderEffects\Terrain\Public\HeightmapTerrain.h" />
    <ClInclude Include="ShaderSource\Public\HeightMapTerrainShader.h" />
    <ClInclude Include="RanderEffects\Terrain\Public\Grass.h" />
    <ClInclude Include="ShaderSource\Public\GrassShader.h" />
    <ClInclude Include="EngineCore\Public\d3dx12.h">
      <Filter>Core\Public</Filter>
    </ClInclude>
    <ClInclude Include="EngineCore\Public\L3DBaseApp.h">
      <Filter>Core\Public</Filter>
    </ClInclude>
    <ClInclude Include="EngineCore\Public\L3DCamera.h">
      <Filter>Core\Public</Filter>
    </ClInclude>
    <ClInclude Include="EngineCore\Public\L3DGameTimer.h">
      <Filter>Core\Public</Filter>
    </ClInclude>
    <ClInclude Include="EngineCore\Public\L3DGeometryGenerator.h">
      <Filter>Core\Public</Filter>
    </ClInclude>
    <ClInclude Include="EngineCore\Public\L3DInputLayout.h" />
    <ClInclude Include="EngineCore\Public\L3DMaterial.h" />
    <ClInclude Include="EngineCore\Public\L3DMathHelper.h">
      <Filter>Core\Public</Filter>
    </ClInclude>
    <ClInclude Include="EngineCore\Public\L3DTextureManage.h">
      <Filter>Core\Public</Filter>
    </ClInclude>
    <ClInclude Include="EngineCore\Public\L3DUploadBuffer.h">
      <Filter>Core\Public</Filter>
    </ClInclude>
    <ClInclude Include="EngineCore\Public\L3DUtil.h">
      <Filter>Core\Public</Filter>
    </ClInclude>
    <ClInclude Include="EngineCore\Public\L3DVertex.h">
      <Filter>Core\Public</Filter>
    </ClInclude>
    <ClInclude Include="RanderEffects\ParticleSystem\Public\BaseParticle.h" />
    <ClInclude Include="RanderEffects\ParticleSystem\Public\ParticleGroup.h" />
    <ClInclude Include="EngineCore\Public\PSOManager.h">
      <Filter>PSO\Public</Filter>
    </ClInclude>
    <ClInclude Include="EngineCore\Graphics\Public\CommandAllocatorPool.h" />
    <ClInclude Include="EngineCore\Graphics\Public\GPUResource.h" />
    <ClInclude Include="EngineCore\Math\Common.h" />
    <ClInclude Include="EngineCore\Math\Scalar.h" />
    <ClInclude Include="EngineCore\Math\Vector.h" />
    <ClInclude Include="EngineCore\Graphics\Public\DDSTextureLoader.h">
      <Filter>Core\Public</Filter>
    </ClInclude>
    <ClInclude Include="EngineCore\Graphics\Public\WICTextureLoader12.h" />
    <ClInclude Include="EngineCore\Math\VectorMath.h" />
    <ClInclude Include="EngineEditor\ImgUIEditor\EngineGUI.h" />
    <ClInclude Include="EngineEditor\ImgUIEditor\imconfig.h" />
    <ClInclude Include="EngineEditor\ImgUIEditor\imgui.h" />
    <ClInclude Include="EngineEditor\ImgUIEditor\imgui_impl_dx12.h" />
    <ClInclude Include="EngineEditor\ImgUIEditor\imgui_impl_win32.h" />
    <ClInclude Include="EngineEditor\ImgUIEditor\imgui_internal.h" />
    <ClInclude Include="EngineEditor\ImgUIEditor\imstb_rectpack.h" />
    <ClInclude Include="EngineEditor\ImgUIEditor\imstb_textedit.h" />
    <ClInclude Include="EngineEditor\ImgUIEditor\imstb_truetype.h" />
    <ClInclude Include="EngineCore\Graphics\Public\DescriptorHeap.h" />
    <ClInclude Include="EngineCore\Math\Hash.h" />
    <ClInclude Include="EngineCore\Graphics\Public\ReadbackBuffer.h" />
    <ClInclude Include="EngineCore\Graphics\Public\ColorBuffer.h" />
    <ClInclude Include="EngineCore\Graphics\Public\DepthBuffer.h" />
    <ClInclude Include="EngineCore\Graphics\Public\RootSignature.h" />
    <ClInclude Include="EngineCore\Graphics\Public\PipelineState.h" />
    <ClInclude Include="EngineCore\Graphics\Public\DynamicDescriptorHeap.h" />
    <ClInclude Include="EngineCore\Graphics\Public\CommandListManager.h" />
    <ClInclude Include="EngineCore\Graphics\Public\CommandSignature.h" />
    <ClInclude Include="DXR\D3D12RaytracingHelper.h" />
    <ClInclude Include="EngineCore\Graphics\Public\DynamicUploadBuffer.h" />
    <ClInclude Include="EngineCore\Graphics\Public\LinearAllocator.h" />
  </ItemGroup>
  <ItemGroup>
    <ClCompile Include="ShaderSource\Private\BaseShader.cpp">
      <Filter>ShaderSource\Private</Filter>
    </ClCompile>
    <ClCompile Include="ShaderSource\Private\GerstnerWaveShader.cpp">
      <Filter>ShaderSource\Private</Filter>
    </ClCompile>
    <ClCompile Include="ShaderSource\Private\SkyShader.cpp">
      <Filter>MainSource</Filter>
    </ClCompile>
    <ClCompile Include="ShaderSource\Private\SimpleGeometryInstanceShader.cpp">
      <Filter>MainSource</Filter>
    </ClCompile>
    <ClCompile Include="RanderEffects\HDRSky\Private\Sky.cpp">
      <Filter>MainSource</Filter>
    </ClCompile>
    <ClCompile Include="RanderEffects\Shadow\Private\ShadowMap.cpp">
      <Filter>MainSource</Filter>
    </ClCompile>
    <ClCompile Include="ShaderSource\Private\SimpleGeometryShadowMapShader.cpp">
      <Filter>MainSource</Filter>
    </ClCompile>
    <ClCompile Include="EngineMain\Private\FrameResource.cpp">
      <Filter>MainSource\Private</Filter>
    </ClCompile>
    <ClCompile Include="EngineMain\Private\GameMain.cpp">
      <Filter>MainSource\Private</Filter>
    </ClCompile>
    <ClCompile Include="RanderEffects\SimpleGeoInstance\SimpleGeoInstance.cpp">
      <Filter>MainSource</Filter>
    </ClCompile>
    <ClCompile Include="RanderEffects\Water\Private\Waves.cpp">
      <Filter>Water\Private</Filter>
    </ClCompile>
    <ClCompile Include="Animation\ModelMesh.cpp">
      <Filter>MainSource</Filter>
    </ClCompile>
    <ClCompile Include="Animation\ModelLoader.cpp">
      <Filter>MainSource</Filter>
    </ClCompile>
    <ClCompile Include="ShaderSource\Private\ComplexStaticModelInstanceShader.cpp">
      <Filter>MainSource</Filter>
    </ClCompile>
    <ClCompile Include="ShaderSource\Private\SkinAnimeShader.cpp">
      <Filter>MainSource</Filter>
    </ClCompile>
    <ClCompile Include="Animation\AnimEvaluator.cpp">
      <Filter>MainSource</Filter>
    </ClCompile>
    <ClCompile Include="Animation\Animations.cpp">
      <Filter>MainSource</Filter>
    </ClCompile>
    <ClCompile Include="RanderEffects\ShockWaveWater\Private\ShockWaveWater.cpp">
      <Filter>MainSource</Filter>
    </ClCompile>
    <ClCompile Include="ShaderSource\Private\WaterRefractionMaskShader.cpp">
      <Filter>MainSource</Filter>
    </ClCompile>
    <ClCompile Include="ShaderSource\Private\ShockWaveWaterShader.cpp">
      <Filter>MainSource</Filter>
    </ClCompile>
    <ClCompile Include="RanderEffects\Terrain\Private\HeightmapTerrain.cpp">
      <Filter>MainSource</Filter>
    </ClCompile>
    <ClCompile Include="ShaderSource\Private\HeightMapTerrainShader.cpp">
      <Filter>MainSource</Filter>
    </ClCompile>
    <ClCompile Include="RanderEffects\Terrain\Private\Grass.cpp">
      <Filter>MainSource</Filter>
    </ClCompile>
    <ClCompile Include="ShaderSource\Private\GrassShader.cpp">
      <Filter>MainSource</Filter>
    </ClCompile>
    <ClCompile Include="EngineCore\Private\L3DBaseApp.cpp">
      <Filter>Core\Private</Filter>
    </ClCompile>
    <ClCompile Include="EngineCore\Private\L3DCamera.cpp">
      <Filter>Core\Private</Filter>
    </ClCompile>
    <ClCompile Include="EngineCore\Private\L3DGameTimer.cpp">
      <Filter>Core\Private</Filter>
    </ClCompile>
    <ClCompile Include="EngineCore\Private\L3DGeometryGenerator.cpp">
      <Filter>Core\Private</Filter>
    </ClCompile>
    <ClCompile Include="EngineCore\Private\L3DInputLayout.cpp">
      <Filter>MainSource</Filter>
    </ClCompile>
    <ClCompile Include="EngineCore\Private\L3DMaterial.cpp">
      <Filter>MainSource</Filter>
    </ClCompile>
    <ClCompile Include="EngineCore\Private\L3DMathHelper.cpp">
      <Filter>Core\Private</Filter>
    </ClCompile>
    <ClCompile Include="EngineCore\Private\L3DTextureManage.cpp">
      <Filter>Core\Private</Filter>
    </ClCompile>
    <ClCompile Include="EngineCore\Private\L3DUtil.cpp">
      <Filter>Core\Private</Filter>
    </ClCompile>
    <ClCompile Include="EngineCore\Private\L3DVertex.cpp">
      <Filter>Core\Private</Filter>
    </ClCompile>
    <ClCompile Include="RanderEffects\ParticleSystem\Private\BaseParticle.cpp">
      <Filter>MainSource</Filter>
    </ClCompile>
    <ClCompile Include="RanderEffects\ParticleSystem\Private\ParticleGroup.cpp">
      <Filter>MainSource</Filter>
    </ClCompile>
    <ClCompile Include="EngineCore\Private\PSOManager.cpp">
      <Filter>PSO\Private</Filter>
    </ClCompile>
    <ClCompile Include="EngineEditor\ImgUIEditor\EngineGUI.cpp">
      <Filter>MainSource</Filter>
    </ClCompile>
    <ClCompile Include="EngineEditor\ImgUIEditor\imgui.cpp">
      <Filter>MainSource</Filter>
    </ClCompile>
    <ClCompile Include="EngineEditor\ImgUIEditor\imgui_demo.cpp">
      <Filter>MainSource</Filter>
    </ClCompile>
    <ClCompile Include="EngineEditor\ImgUIEditor\imgui_draw.cpp">
      <Filter>MainSource</Filter>
    </ClCompile>
    <ClCompile Include="EngineEditor\ImgUIEditor\imgui_impl_dx12.cpp">
      <Filter>MainSource</Filter>
    </ClCompile>
    <ClCompile Include="EngineEditor\ImgUIEditor\imgui_impl_win32.cpp">
      <Filter>MainSource</Filter>
    </ClCompile>
    <ClCompile Include="EngineEditor\ImgUIEditor\imgui_widgets.cpp">
      <Filter>MainSource</Filter>
    </ClCompile>
    <ClCompile Include="EngineCore\Graphics\Private\DDSTextureLoader.cpp">
      <Filter>Core\Private</Filter>
    </ClCompile>
    <ClCompile Include="EngineCore\Graphics\Private\WICTextureLoader12.cpp">
      <Filter>MainSource</Filter>
    </ClCompile>
    <ClCompile Include="DXR\D3D12RaytracingHelper.cpp">
      <Filter>MainSource</Filter>
    </ClCompile>
    <ClCompile Include="EngineCore\Graphics\Private\LinearAllocator.cpp">
      <Filter>MainSource</Filter>
    </ClCompile>
  </ItemGroup>
  <ItemGroup>
    <Image Include="Textures\ICONS\GAME_128px_1199103_easyicon.net.ico">
      <Filter>资源文件</Filter>
    </Image>
    <Image Include="Textures\ICONS\gamecontroller_128px_1180532_easyicon.net.ico">
      <Filter>资源文件</Filter>
    </Image>
    <Image Include="Textures\ICONS\gameicon.ico">
      <Filter>资源文件</Filter>
    </Image>
    <Image Include="Textures\ICONS\Arrow.cur">
      <Filter>资源文件</Filter>
    </Image>
  </ItemGroup>
  <ItemGroup>
    <FxCompile Include="Shaders\SkyPS.hlsl" />
    <FxCompile Include="Shaders\SkyVS.hlsl" />
    <FxCompile Include="Shaders\SimpleGeoInstanceVS.hlsl" />
    <FxCompile Include="Shaders\SimpleGeoInstancePS.hlsl" />
    <FxCompile Include="Shaders\DefaultVS.hlsl" />
    <FxCompile Include="Shaders\DefaultPS.hlsl" />
    <FxCompile Include="Shaders\SimpleGeoInstanceShadowVS.hlsl" />
    <FxCompile Include="Shaders\SimpleGeoInstanceShadowPS.hlsl" />
    <FxCompile Include="Shaders\ComplexModelInstancePS.hlsl" />
    <FxCompile Include="Shaders\WaterRefractionMaskVS.hlsl" />
    <FxCompile Include="Shaders\WaterRefractionMaskPS.hlsl" />
    <FxCompile Include="Shaders\ShockWaveWaterVS.hlsl" />
    <FxCompile Include="Shaders\ShockWaveWaterPS.hlsl" />
    <FxCompile Include="Shaders\HeightMapTerrainVS.hlsl" />
    <FxCompile Include="Shaders\HeightMapTerrainPS.hlsl" />
    <FxCompile Include="Shaders\HeightMapTerrainHS.hlsl" />
    <FxCompile Include="Shaders\GrassVS.hlsl" />
    <FxCompile Include="Shaders\GrassPS.hlsl" />
    <FxCompile Include="Shaders\GrassGS.hlsl" />
    <FxCompile Include="Shaders\HeightMapTerrainDS.hlsl" />
    <FxCompile Include="Shaders\GrassShadowGS.hlsl" />
    <FxCompile Include="Shaders\GrassShadowVS.hlsl" />
  </ItemGroup>
  <ItemGroup>
    <None Include="imgui.ini" />
    <None Include="Shaders\PBRLighting.hlsli" />
    <None Include="Dependences\lib\assimp.dll" />
    <None Include="Dependences\lib\assimp-vc140-mt.dll" />
    <None Include="Dependences\lib\assimp-vc142-mtd.pdb" />
    <None Include="packages.config" />
    <None Include="Shaders\TerrainConstBuffer.hlsli" />
    <None Include="RanderEffects\ParticleSystem\Private\ParticleSystem.cpp">
      <Filter>MainSource</Filter>
    </None>
    <None Include="RanderEffects\ParticleSystem\Public\ParticleSystem.h" />
    <None Include="EngineCore\Graphics\Private\SamplerManager.cpp">
      <Filter>MainSource</Filter>
    </None>
    <None Include="EngineCore\Graphics\Private\GraphicsCore.cpp">
      <Filter>MainSource</Filter>
    </None>
    <None Include="EngineCore\Graphics\Public\GraphicsCore.h" />
    <None Include="EngineCore\Graphics\Public\SamplerManager.h" />
    <None Include="EngineCore\Graphics\Public\GPUBuffer.h" />
    <None Include="EngineCore\Graphics\Private\GPUBuffer.cpp">
      <Filter>MainSource</Filter>
    </None>
    <None Include="EngineCore\Math\Functions.inl" />
    <None Include="EngineCore\Graphics\Private\DescriptorHeap.cpp">
      <Filter>MainSource</Filter>
    </None>
    <None Include="EngineCore\Graphics\Public\Color.h" />
    <None Include="EngineCore\Graphics\Public\PixelBuffer.h" />
    <None Include="EngineCore\Graphics\Private\Color.cpp">
      <Filter>MainSource</Filter>
    </None>
    <None Include="EngineCore\Graphics\Private\PixelBuffer.cpp">
      <Filter>MainSource</Filter>
    </None>
    <None Include="EngineCore\Graphics\Private\ReadbackBuffer.cpp">
      <Filter>MainSource</Filter>
    </None>
    <None Include="EngineCore\Graphics\Private\CommandAllocatorPool.cpp">
      <Filter>MainSource</Filter>
    </None>
    <None Include="EngineCore\Graphics\Private\ColorBuffer.cpp">
      <Filter>MainSource</Filter>
    </None>
    <None Include="EngineCore\Graphics\Private\DepthBuffer.cpp">
      <Filter>MainSource</Filter>
    </None>
    <None Include="EngineCore\Graphics\Private\RootSignature.cpp">
      <Filter>MainSource</Filter>
    </None>
    <None Include="EngineCore\Graphics\Private\PipelineState.cpp">
      <Filter>MainSource</Filter>
    </None>
    <None Include="EngineCore\Graphics\Private\DynamicDescriptorHeap.cpp">
      <Filter>MainSource</Filter>
    </None>
    <None Include="EngineCore\Graphics\Private\CommandListManager.cpp">
      <Filter>MainSource</Filter>
    </None>
    <None Include="Shaders\Common.hlsli" />
    <None Include="Shaders\Fog.hlsli" />
    <None Include="EngineCore\Graphics\Private\CommandSignature.cpp">
      <Filter>MainSource</Filter>
    </None>
    <None Include="EngineCore\Graphics\Private\DynamicUploadBuffer.cpp">
      <Filter>MainSource</Filter>
    </None>
  </ItemGroup>
  <ItemGroup>
    <ResourceCompile Include="GlareEngine.rc">
      <Filter>资源文件</Filter>
    </ResourceCompile>
  </ItemGroup>
  <ItemGroup>
    <Library Include="Dependences\lib\ozz\debug\ozz_animation_d.lib" />
    <Library Include="Dependences\lib\ozz\debug\sample_framework_d.lib" />
    <Library Include="Dependences\lib\ozz\debug\ozz_animation_offline_d.lib" />
    <Library Include="Dependences\lib\ozz\debug\ozz_animation_tools_d.lib" />
    <Library Include="Dependences\lib\ozz\debug\ozz_base_d.lib" />
    <Library Include="Dependences\lib\ozz\debug\ozz_geometry_d.lib" />
    <Library Include="Dependences\lib\ozz\debug\ozz_options_d.lib" />
    <Library Include="Dependences\lib\assimp.lib" />
    <Library Include="Dependences\lib\assimp-vc140-mt.lib" />
    <Library Include="Dependences\lib\assimp-vc142-mtd.lib" />
    <Library Include="Dependences\lib\IrrXMLd.lib" />
  </ItemGroup>
</Project>