<?xml version="1.0" encoding="utf-8"?>
<Project ToolsVersion="4.0" xmlns="http://schemas.microsoft.com/developer/msbuild/2003">
  <ItemGroup>
    <Filter Include="资源文件">
      <UniqueIdentifier>{67DA6AB6-F800-4c08-8B7A-83BB121AAD01}</UniqueIdentifier>
      <Extensions>rc;ico;cur;bmp;dlg;rc2;rct;bin;rgs;gif;jpg;jpeg;jpe;resx;tiff;tif;png;wav;mfcribbon-ms</Extensions>
    </Filter>
    <Filter Include="Textures">
      <UniqueIdentifier>{afbe4a8b-e03c-4627-a574-ce50266d5292}</UniqueIdentifier>
    </Filter>
    <Filter Include="MainSource">
      <UniqueIdentifier>{4FC737F1-C7A5-4376-A066-2A32D752A2FF}</UniqueIdentifier>
      <Extensions>cpp;c;cc;cxx;c++;def;odl;idl;hpj;bat;asm;asmx</Extensions>
    </Filter>
    <Filter Include="Shaders">
      <UniqueIdentifier>{f3e6b7ed-bbb4-403b-9fc6-8b9d9db0fe59}</UniqueIdentifier>
    </Filter>
    <Filter Include="Water">
      <UniqueIdentifier>{6ebc6743-b666-4eb3-a90c-95633b2984de}</UniqueIdentifier>
    </Filter>
    <Filter Include="ShaderSource">
      <UniqueIdentifier>{34f3a5c2-c954-4c57-9d77-1d4bd7142b39}</UniqueIdentifier>
    </Filter>
    <Filter Include="PSO">
      <UniqueIdentifier>{82737a19-a026-4c32-af2f-9a91a66637f4}</UniqueIdentifier>
    </Filter>
    <Filter Include="Core">
      <UniqueIdentifier>{1312ce06-4815-46cd-b329-4b35cf7df9de}</UniqueIdentifier>
    </Filter>
    <Filter Include="Core\Private">
      <UniqueIdentifier>{80d93d6a-cc1d-4d8d-acb5-a6cf03c7af88}</UniqueIdentifier>
    </Filter>
    <Filter Include="Core\Public">
      <UniqueIdentifier>{d983d34f-0cd0-4f96-aaba-04413689cab2}</UniqueIdentifier>
    </Filter>
    <Filter Include="MainSource\Public">
      <UniqueIdentifier>{9644f50e-7e4a-4a10-a1ab-d648578eb0db}</UniqueIdentifier>
    </Filter>
    <Filter Include="MainSource\Private">
      <UniqueIdentifier>{751e6986-631b-4d4a-ab45-77a88484c038}</UniqueIdentifier>
    </Filter>
    <Filter Include="ShaderSource\Public">
      <UniqueIdentifier>{119da44f-cd75-4f06-b842-6c9acdbcf5ed}</UniqueIdentifier>
    </Filter>
    <Filter Include="ShaderSource\Private">
      <UniqueIdentifier>{981dd6ee-b961-41ac-a94c-ba6638a718ee}</UniqueIdentifier>
    </Filter>
    <Filter Include="PSO\Public">
      <UniqueIdentifier>{df6db798-3af9-43fd-b578-4a730b43c766}</UniqueIdentifier>
    </Filter>
    <Filter Include="PSO\Private">
      <UniqueIdentifier>{eec62a95-5a3a-4178-a4e3-dede8323a968}</UniqueIdentifier>
    </Filter>
    <Filter Include="Water\Public">
      <UniqueIdentifier>{4e8e8f0d-84c0-40b1-a740-19ae7f96c57c}</UniqueIdentifier>
    </Filter>
    <Filter Include="Water\Private">
      <UniqueIdentifier>{1fb19b1b-aee5-473f-b224-a6f5021fb047}</UniqueIdentifier>
    </Filter>
  </ItemGroup>
  <ItemGroup>
    <ClInclude Include="ShaderSource\Public\BaseShader.h">
      <Filter>ShaderSource\Public</Filter>
    </ClInclude>
    <ClInclude Include="ShaderSource\Public\GerstnerWaveShader.h">
      <Filter>ShaderSource\Public</Filter>
    </ClInclude>
    <ClInclude Include="ShaderSource\Public\SkyShader.h" />
    <ClInclude Include="ShaderSource\Public\SimpleGeometryInstanceShader.h" />
    <ClInclude Include="ShaderSource\Public\SimpleGeometryShadowMapShader.h" />
    <ClInclude Include="ShaderSource\Public\ComplexStaticModelInstanceShader.h" />
    <ClInclude Include="ShaderSource\Public\SkinAnimeShader.h" />
    <ClInclude Include="ShaderSource\Public\WaterRefractionMaskShader.h" />
    <ClInclude Include="ShaderSource\Public\ShockWaveWaterShader.h" />
    <ClInclude Include="ShaderSource\Public\HeightMapTerrainShader.h" />
    <ClInclude Include="ShaderSource\Public\GrassShader.h" />
    <ClInclude Include="EngineCore\Math\Common.h" />
    <ClInclude Include="EngineCore\Math\Scalar.h" />
    <ClInclude Include="EngineCore\Math\Vector.h" />
    <ClInclude Include="EngineCore\Graphics\Public\WICTextureLoader12.h" />
    <ClInclude Include="EngineCore\Math\VectorMath.h" />
    <ClInclude Include="EngineEditor\ImgUIEditor\EngineGUI.h" />
    <ClInclude Include="EngineEditor\ImgUIEditor\imconfig.h" />
    <ClInclude Include="EngineEditor\ImgUIEditor\imgui.h" />
    <ClInclude Include="EngineEditor\ImgUIEditor\imgui_impl_dx12.h" />
    <ClInclude Include="EngineEditor\ImgUIEditor\imgui_impl_win32.h" />
    <ClInclude Include="EngineEditor\ImgUIEditor\imgui_internal.h" />
    <ClInclude Include="EngineEditor\ImgUIEditor\imstb_rectpack.h" />
    <ClInclude Include="EngineEditor\ImgUIEditor\imstb_textedit.h" />
    <ClInclude Include="EngineEditor\ImgUIEditor\imstb_truetype.h" />
    <ClInclude Include="EngineCore\Math\Hash.h" />
    <ClInclude Include="EngineCore\Engine\Public\EngineInput.h" />
    <ClInclude Include="EngineCore\Engine\Public\EngineAdjust.h" />
    <ClInclude Include="EngineCore\Engine\Public\GameCore.h" />
    <ClInclude Include="EngineCore\Engine\Public\EngineProfiling.h" />
    <ClInclude Include="EngineCore\Engine\Public\EngineLog.h" />
    <ClInclude Include="EngineCore\Graphics\Public\BufferManager.h" />
    <ClInclude Include="EngineCore\Graphics\Public\ShadowBuffer.h" />
    <ClInclude Include="EngineCore\Graphics\Public\TextureManager.h" />
    <ClInclude Include="GraphicEffects\Sky\Public\Sky.h" />
    <ClInclude Include="EngineCore\Engine\Public\Camera.h" />
    <ClInclude Include="EngineCore\Engine\Public\Vertex.h" />
    <ClInclude Include="EngineCore\Engine\Public\GeometryGenerator.h" />
    <ClInclude Include="EngineCore\Engine\Public\EngineUtility.h" />
    <ClInclude Include="EngineCore\Engine\Public\d3dx12.h">
      <Filter>Core\Public</Filter>
    </ClInclude>
    <ClInclude Include="EngineCore\Math\MathHelper.h">
      <Filter>Core\Public</Filter>
    </ClInclude>
    <ClInclude Include="EngineCore\Engine\Public\GameTimer.h">
      <Filter>Core\Public</Filter>
    </ClInclude>
    <ClInclude Include="EngineCore\Engine\Public\InputLayout.h" />
    <ClInclude Include="GraphicEffects\Particles\Public\ParticleShaderStructs.h" />
    <ClInclude Include="GraphicEffects\Particles\Public\ParticleEffectProperties.h" />
    <ClInclude Include="GraphicEffects\Particles\Public\ParticleEffect.h" />
    <ClInclude Include="EngineCore\Math\Random.h" />
    <ClInclude Include="EngineCore\Engine\Public\SceneManager.h" />
    <ClInclude Include="EngineCore\Engine\Public\Materials.h" />
    <ClInclude Include="GraphicEffects\InstanceModel\Public\InstanceModel.h" />
    <ClInclude Include="GraphicEffects\InstanceModel\Public\SimpleModelGenerator.h" />
    <ClInclude Include="EngineCore\Engine\Public\Scene.h" />
    <ClInclude Include="GraphicEffects\Misc\RenderObject.h" />
    <ClInclude Include="GraphicEffects\Shadow\Public\ShadowMap.h" />
    <ClInclude Include="Dependences\include\DirectXTK12\Inc\Audio.h" />
    <ClInclude Include="Dependences\include\DirectXTK12\Inc\BufferHelpers.h" />
    <ClInclude Include="Dependences\include\DirectXTK12\Inc\CommonStates.h" />
    <ClInclude Include="Dependences\include\DirectXTK12\Inc\DDSTextureLoader.h" />
    <ClInclude Include="Dependences\include\DirectXTK12\Inc\DescriptorHeap.h" />
    <ClInclude Include="Dependences\include\DirectXTK12\Inc\DirectXHelpers.h" />
    <ClInclude Include="Dependences\include\DirectXTK12\Inc\EffectPipelineStateDescription.h" />
    <ClInclude Include="Dependences\include\DirectXTK12\Inc\Effects.h" />
    <ClInclude Include="Dependences\include\DirectXTK12\Inc\GamePad.h" />
    <ClInclude Include="Dependences\include\DirectXTK12\Inc\GeometricPrimitive.h" />
    <ClInclude Include="Dependences\include\DirectXTK12\Inc\GraphicsMemory.h" />
    <ClInclude Include="Dependences\include\DirectXTK12\Inc\Keyboard.h" />
    <ClInclude Include="Dependences\include\DirectXTK12\Inc\Model.h" />
    <ClInclude Include="Dependences\include\DirectXTK12\Inc\Mouse.h" />
    <ClInclude Include="Dependences\include\DirectXTK12\Inc\PostProcess.h" />
    <ClInclude Include="Dependences\include\DirectXTK12\Inc\PrimitiveBatch.h" />
    <ClInclude Include="Dependences\include\DirectXTK12\Inc\RenderTargetState.h" />
    <ClInclude Include="Dependences\include\DirectXTK12\Inc\ResourceUploadBatch.h" />
    <ClInclude Include="Dependences\include\DirectXTK12\Inc\ScreenGrab.h" />
    <ClInclude Include="Dependences\include\DirectXTK12\Inc\SimpleMath.h" />
    <ClInclude Include="Dependences\include\DirectXTK12\Inc\SpriteBatch.h" />
    <ClInclude Include="Dependences\include\DirectXTK12\Inc\SpriteFont.h" />
    <ClInclude Include="Dependences\include\DirectXTK12\Inc\VertexTypes.h" />
    <ClInclude Include="Dependences\include\DirectXTK12\Inc\WICTextureLoader.h" />
    <ClInclude Include="Dependences\include\DirectXTK12\Src\AlignedNew.h" />
    <ClInclude Include="Dependences\include\DirectXTK12\Src\Bezier.h" />
    <ClInclude Include="Dependences\include\DirectXTK12\Src\BinaryReader.h" />
    <ClInclude Include="Dependences\include\DirectXTK12\Src\d3dx12.h" />
    <ClInclude Include="Dependences\include\DirectXTK12\Src\DDS.h" />
    <ClInclude Include="Dependences\include\DirectXTK12\Src\DemandCreate.h" />
    <ClInclude Include="Dependences\include\DirectXTK12\Src\DXLinearAllocator.h" />
    <ClInclude Include="Dependences\include\DirectXTK12\Src\EffectCommon.h" />
    <ClInclude Include="Dependences\include\DirectXTK12\Src\Geometry.h" />
    <ClInclude Include="Dependences\include\DirectXTK12\Src\LoaderHelpers.h" />
    <ClInclude Include="Dependences\include\DirectXTK12\Src\pch.h" />
    <ClInclude Include="Dependences\include\DirectXTK12\Src\PlatformHelpers.h" />
    <ClInclude Include="Dependences\include\DirectXTK12\Src\SDKMesh.h" />
    <ClInclude Include="Dependences\include\DirectXTK12\Src\SharedResourcePool.h" />
    <ClInclude Include="Dependences\include\DirectXTK12\Src\vbo.h" />
    <ClInclude Include="GraphicEffects\GI\IBL\IBL.h" />
    <ClInclude Include="GraphicEffects\Misc\CubeRenderTarget.h" />
    <ClInclude Include="GraphicEffects\Misc\ConstantBuffer.h" />
    <ClInclude Include="GraphicEffects\Animation\MeshStruct.h" />
    <ClInclude Include="GraphicEffects\Animation\ModelLoader.h" />
    <ClInclude Include="GraphicEffects\Animation\ModelMesh.h" />
    <ClInclude Include="GraphicEffects\DXR\D3D12RaytracingHelper.h" />
    <ClInclude Include="Dependences\include\stb_image\stb_image.h" />
    <ClInclude Include="Dependences\include\stb_image\stb_image_write.h" />
    <ClInclude Include="Dependences\include\stb_image\stb_c_lexer.h" />
    <ClInclude Include="Dependences\include\stb_image\stb_connected_components.h" />
    <ClInclude Include="Dependences\include\stb_image\stb_divide.h" />
    <ClInclude Include="Dependences\include\stb_image\stb_ds.h" />
    <ClInclude Include="Dependences\include\stb_image\stb_dxt.h" />
    <ClInclude Include="Dependences\include\stb_image\stb_easy_font.h" />
    <ClInclude Include="Dependences\include\stb_image\stb_herringbone_wang_tile.h" />
    <ClInclude Include="Dependences\include\stb_image\stb_hexwave.h" />
    <ClInclude Include="Dependences\include\stb_image\stb_image_resize.h" />
    <ClInclude Include="Dependences\include\stb_image\stb_include.h" />
    <ClInclude Include="Dependences\include\stb_image\stb_leakcheck.h" />
    <ClInclude Include="Dependences\include\stb_image\stb_rect_pack.h" />
    <ClInclude Include="Dependences\include\stb_image\stb_sprintf.h" />
    <ClInclude Include="Dependences\include\stb_image\stb_textedit.h" />
    <ClInclude Include="Dependences\include\stb_image\stb_tilemap_editor.h" />
    <ClInclude Include="Dependences\include\stb_image\stb_truetype.h" />
    <ClInclude Include="Dependences\include\stb_image\stb_voxel_render.h" />
    <ClInclude Include="GraphicEffects\Terrain\Terrain.h" />
    <ClInclude Include="EngineCore\Engine\Public\EngineGlobal.h" />
  </ItemGroup>
  <ItemGroup>
    <ClCompile Include="EngineEditor\ImgUIEditor\EngineGUI.cpp">
      <Filter>MainSource</Filter>
    </ClCompile>
    <ClCompile Include="EngineEditor\ImgUIEditor\imgui.cpp">
      <Filter>MainSource</Filter>
    </ClCompile>
    <ClCompile Include="EngineEditor\ImgUIEditor\imgui_demo.cpp">
      <Filter>MainSource</Filter>
    </ClCompile>
    <ClCompile Include="EngineEditor\ImgUIEditor\imgui_draw.cpp">
      <Filter>MainSource</Filter>
    </ClCompile>
    <ClCompile Include="EngineEditor\ImgUIEditor\imgui_impl_dx12.cpp">
      <Filter>MainSource</Filter>
    </ClCompile>
    <ClCompile Include="EngineEditor\ImgUIEditor\imgui_impl_win32.cpp">
      <Filter>MainSource</Filter>
    </ClCompile>
    <ClCompile Include="EngineEditor\ImgUIEditor\imgui_widgets.cpp">
      <Filter>MainSource</Filter>
    </ClCompile>
    <ClCompile Include="EngineCore\Graphics\Private\WICTextureLoader12.cpp">
      <Filter>MainSource</Filter>
    </ClCompile>
    <ClCompile Include="EngineCore\Engine\Private\GameCore.cpp">
      <Filter>MainSource</Filter>
    </ClCompile>
    <ClCompile Include="EngineCore\Engine\Private\EngineInput.cpp">
      <Filter>MainSource</Filter>
    </ClCompile>
    <ClCompile Include="EngineCore\Engine\Private\EngineAdjust.cpp">
      <Filter>MainSource</Filter>
    </ClCompile>
    <ClCompile Include="EngineCore\Engine\Private\EngineLog.cpp">
      <Filter>MainSource</Filter>
    </ClCompile>
    <ClCompile Include="EngineCore\Graphics\Private\BufferManager.cpp">
      <Filter>MainSource</Filter>
    </ClCompile>
    <ClCompile Include="EngineCore\Graphics\Private\CommandAllocatorPool.cpp">
      <Filter>MainSource</Filter>
    </ClCompile>
    <ClCompile Include="EngineCore\Graphics\Private\GraphicsCore.cpp">
      <Filter>MainSource</Filter>
    </ClCompile>
    <ClCompile Include="EngineCore\Graphics\Private\DescriptorHeap.cpp">
      <Filter>MainSource</Filter>
    </ClCompile>
    <ClCompile Include="EngineCore\Graphics\Private\ColorBuffer.cpp">
      <Filter>MainSource</Filter>
    </ClCompile>
    <ClCompile Include="EngineCore\Graphics\Private\PixelBuffer.cpp">
      <Filter>MainSource</Filter>
    </ClCompile>
    <ClCompile Include="EngineCore\Graphics\Private\PipelineState.cpp">
      <Filter>MainSource</Filter>
    </ClCompile>
    <ClCompile Include="EngineCore\Graphics\Private\RootSignature.cpp">
      <Filter>MainSource</Filter>
    </ClCompile>
    <ClCompile Include="EngineCore\Graphics\Private\GraphicsCommon.cpp">
      <Filter>MainSource</Filter>
    </ClCompile>
    <ClCompile Include="EngineCore\Graphics\Private\DynamicDescriptorHeap.cpp">
      <Filter>MainSource</Filter>
    </ClCompile>
    <ClCompile Include="EngineCore\Graphics\Private\CommandListManager.cpp">
      <Filter>MainSource</Filter>
    </ClCompile>
    <ClCompile Include="EngineCore\Graphics\Private\CommandContext.cpp">
      <Filter>MainSource</Filter>
    </ClCompile>
    <ClCompile Include="EngineCore\Graphics\Private\GPUTimeManager.cpp">
      <Filter>MainSource</Filter>
    </ClCompile>
    <ClCompile Include="EngineCore\Graphics\Private\LinearAllocator.cpp">
      <Filter>MainSource</Filter>
    </ClCompile>
    <ClCompile Include="EngineCore\Engine\Private\EngineProfiling.cpp">
      <Filter>MainSource</Filter>
    </ClCompile>
    <ClCompile Include="EngineCore\Graphics\Private\DepthBuffer.cpp">
      <Filter>MainSource</Filter>
    </ClCompile>
    <ClCompile Include="EngineCore\Graphics\Private\ShadowBuffer.cpp">
      <Filter>MainSource</Filter>
    </ClCompile>
    <ClCompile Include="EngineCore\Graphics\Private\ReadbackBuffer.cpp">
      <Filter>MainSource</Filter>
    </ClCompile>
    <ClCompile Include="EngineCore\Graphics\Private\SamplerManager.cpp">
      <Filter>MainSource</Filter>
    </ClCompile>
    <ClCompile Include="EngineCore\Graphics\Private\CommandSignature.cpp">
      <Filter>MainSource</Filter>
    </ClCompile>
    <ClCompile Include="EngineCore\Graphics\Private\TextureManager.cpp">
      <Filter>MainSource</Filter>
    </ClCompile>
    <ClCompile Include="GraphicEffects\Sky\Private\Sky.cpp">
      <Filter>MainSource</Filter>
    </ClCompile>
    <ClCompile Include="EngineCore\Engine\Private\Camera.cpp">
      <Filter>MainSource</Filter>
    </ClCompile>
    <ClCompile Include="EngineCore\Engine\Private\EngineUtility.cpp">
      <Filter>MainSource</Filter>
    </ClCompile>
    <ClCompile Include="EngineCore\Engine\Private\GeometryGenerator.cpp">
      <Filter>MainSource</Filter>
    </ClCompile>
    <ClCompile Include="EngineCore\Engine\Private\Vertex.cpp">
      <Filter>MainSource</Filter>
    </ClCompile>
    <ClCompile Include="EngineCore\Math\MathHelper.cpp">
      <Filter>Core\Private</Filter>
    </ClCompile>
    <ClCompile Include="EngineCore\Engine\Private\InputLayout.cpp">
      <Filter>MainSource</Filter>
    </ClCompile>
    <ClCompile Include="EngineCore\Engine\Private\GameTimer.cpp">
      <Filter>Core\Private</Filter>
    </ClCompile>
    <ClCompile Include="GraphicEffects\Particles\Private\ParticleEmissionProperties.cpp">
      <Filter>MainSource</Filter>
    </ClCompile>
    <ClCompile Include="GraphicEffects\Particles\Private\ParticleEffect.cpp">
      <Filter>MainSource</Filter>
    </ClCompile>
    <ClCompile Include="EngineCore\Math\Random.cpp">
      <Filter>MainSource</Filter>
    </ClCompile>
    <ClCompile Include="EngineCore\Engine\Private\SceneManager.cpp">
      <Filter>MainSource</Filter>
    </ClCompile>
    <ClCompile Include="EngineCore\Engine\Private\Materials.cpp">
      <Filter>MainSource</Filter>
    </ClCompile>
    <ClCompile Include="GraphicEffects\InstanceModel\Private\InstanceModel.cpp">
      <Filter>MainSource</Filter>
    </ClCompile>
    <ClCompile Include="GraphicEffects\InstanceModel\Private\SimpleModelGenerator.cpp">
      <Filter>MainSource</Filter>
    </ClCompile>
    <ClCompile Include="EngineCore\Engine\Private\Scene.cpp">
      <Filter>MainSource</Filter>
    </ClCompile>
    <ClCompile Include="GraphicEffects\Misc\RenderObject.cpp">
      <Filter>MainSource</Filter>
    </ClCompile>
    <ClCompile Include="GraphicEffects\Shadow\Private\ShadowMap.cpp">
      <Filter>MainSource</Filter>
    </ClCompile>
    <ClCompile Include="Dependences\include\DirectXTK12\Src\AlphaTestEffect.cpp">
      <Filter>MainSource</Filter>
    </ClCompile>
    <ClCompile Include="Dependences\include\DirectXTK12\Src\BasicEffect.cpp">
      <Filter>MainSource</Filter>
    </ClCompile>
    <ClCompile Include="Dependences\include\DirectXTK12\Src\BasicPostProcess.cpp">
      <Filter>MainSource</Filter>
    </ClCompile>
    <ClCompile Include="Dependences\include\DirectXTK12\Src\BinaryReader.cpp">
      <Filter>MainSource</Filter>
    </ClCompile>
    <ClCompile Include="Dependences\include\DirectXTK12\Src\BufferHelpers.cpp">
      <Filter>MainSource</Filter>
    </ClCompile>
    <ClCompile Include="Dependences\include\DirectXTK12\Src\CommonStates.cpp">
      <Filter>MainSource</Filter>
    </ClCompile>
    <ClCompile Include="Dependences\include\DirectXTK12\Src\DDSTextureLoader.cpp">
      <Filter>MainSource</Filter>
    </ClCompile>
    <ClCompile Include="Dependences\include\DirectXTK12\Src\DebugEffect.cpp">
      <Filter>MainSource</Filter>
    </ClCompile>
    <ClCompile Include="Dependences\include\DirectXTK12\Src\DirectXHelpers.cpp">
      <Filter>MainSource</Filter>
    </ClCompile>
    <ClCompile Include="Dependences\include\DirectXTK12\Src\DualPostProcess.cpp">
      <Filter>MainSource</Filter>
    </ClCompile>
    <ClCompile Include="Dependences\include\DirectXTK12\Src\DualTextureEffect.cpp">
      <Filter>MainSource</Filter>
    </ClCompile>
    <ClCompile Include="Dependences\include\DirectXTK12\Src\DXDescriptorHeap.cpp">
      <Filter>MainSource</Filter>
    </ClCompile>
    <ClCompile Include="Dependences\include\DirectXTK12\Src\DXLinearAllocator.cpp">
      <Filter>MainSource</Filter>
    </ClCompile>
    <ClCompile Include="Dependences\include\DirectXTK12\Src\EffectCommon.cpp">
      <Filter>MainSource</Filter>
    </ClCompile>
    <ClCompile Include="Dependences\include\DirectXTK12\Src\EffectFactory.cpp">
      <Filter>MainSource</Filter>
    </ClCompile>
    <ClCompile Include="Dependences\include\DirectXTK12\Src\EffectPipelineStateDescription.cpp">
      <Filter>MainSource</Filter>
    </ClCompile>
    <ClCompile Include="Dependences\include\DirectXTK12\Src\EffectTextureFactory.cpp">
      <Filter>MainSource</Filter>
    </ClCompile>
    <ClCompile Include="Dependences\include\DirectXTK12\Src\EnvironmentMapEffect.cpp">
      <Filter>MainSource</Filter>
    </ClCompile>
    <ClCompile Include="Dependences\include\DirectXTK12\Src\GamePad.cpp">
      <Filter>MainSource</Filter>
    </ClCompile>
    <ClCompile Include="Dependences\include\DirectXTK12\Src\GeometricPrimitive.cpp">
      <Filter>MainSource</Filter>
    </ClCompile>
    <ClCompile Include="Dependences\include\DirectXTK12\Src\Geometry.cpp">
      <Filter>MainSource</Filter>
    </ClCompile>
    <ClCompile Include="Dependences\include\DirectXTK12\Src\GraphicsMemory.cpp">
      <Filter>MainSource</Filter>
    </ClCompile>
    <ClCompile Include="Dependences\include\DirectXTK12\Src\Keyboard.cpp">
      <Filter>MainSource</Filter>
    </ClCompile>
    <ClCompile Include="Dependences\include\DirectXTK12\Src\Model.cpp">
      <Filter>MainSource</Filter>
    </ClCompile>
    <ClCompile Include="Dependences\include\DirectXTK12\Src\ModelLoadCMO.cpp">
      <Filter>MainSource</Filter>
    </ClCompile>
    <ClCompile Include="Dependences\include\DirectXTK12\Src\ModelLoadSDKMESH.cpp">
      <Filter>MainSource</Filter>
    </ClCompile>
    <ClCompile Include="Dependences\include\DirectXTK12\Src\ModelLoadVBO.cpp">
      <Filter>MainSource</Filter>
    </ClCompile>
    <ClCompile Include="Dependences\include\DirectXTK12\Src\Mouse.cpp">
      <Filter>MainSource</Filter>
    </ClCompile>
    <ClCompile Include="Dependences\include\DirectXTK12\Src\NormalMapEffect.cpp">
      <Filter>MainSource</Filter>
    </ClCompile>
    <ClCompile Include="Dependences\include\DirectXTK12\Src\PBREffect.cpp">
      <Filter>MainSource</Filter>
    </ClCompile>
    <ClCompile Include="Dependences\include\DirectXTK12\Src\PBREffectFactory.cpp">
      <Filter>MainSource</Filter>
    </ClCompile>
    <ClCompile Include="Dependences\include\DirectXTK12\Src\pch.cpp">
      <Filter>MainSource</Filter>
    </ClCompile>
    <ClCompile Include="Dependences\include\DirectXTK12\Src\PrimitiveBatch.cpp">
      <Filter>MainSource</Filter>
    </ClCompile>
    <ClCompile Include="Dependences\include\DirectXTK12\Src\ResourceUploadBatch.cpp">
      <Filter>MainSource</Filter>
    </ClCompile>
    <ClCompile Include="Dependences\include\DirectXTK12\Src\ScreenGrab.cpp">
      <Filter>MainSource</Filter>
    </ClCompile>
    <ClCompile Include="Dependences\include\DirectXTK12\Src\SimpleMath.cpp">
      <Filter>MainSource</Filter>
    </ClCompile>
    <ClCompile Include="Dependences\include\DirectXTK12\Src\SkinnedEffect.cpp">
      <Filter>MainSource</Filter>
    </ClCompile>
    <ClCompile Include="Dependences\include\DirectXTK12\Src\SpriteBatch.cpp">
      <Filter>MainSource</Filter>
    </ClCompile>
    <ClCompile Include="Dependences\include\DirectXTK12\Src\SpriteFont.cpp">
      <Filter>MainSource</Filter>
    </ClCompile>
    <ClCompile Include="Dependences\include\DirectXTK12\Src\ToneMapPostProcess.cpp">
      <Filter>MainSource</Filter>
    </ClCompile>
    <ClCompile Include="Dependences\include\DirectXTK12\Src\VertexTypes.cpp">
      <Filter>MainSource</Filter>
    </ClCompile>
    <ClCompile Include="Dependences\include\DirectXTK12\Src\WICTextureLoader.cpp">
      <Filter>MainSource</Filter>
    </ClCompile>
    <ClCompile Include="GraphicEffects\GI\IBL\IBL.cpp">
      <Filter>MainSource</Filter>
    </ClCompile>
    <ClCompile Include="GraphicEffects\Misc\CubeRenderTarget.cpp">
      <Filter>MainSource</Filter>
    </ClCompile>
    <ClCompile Include="GraphicEffects\Misc\ConstantBuffer.cpp">
      <Filter>MainSource</Filter>
    </ClCompile>
    <ClCompile Include="GraphicEffects\Animation\ModelLoader.cpp">
      <Filter>MainSource</Filter>
    </ClCompile>
    <ClCompile Include="GraphicEffects\Animation\ModelMesh.cpp">
      <Filter>MainSource</Filter>
    </ClCompile>
    <ClCompile Include="GraphicEffects\DXR\D3D12RaytracingHelper.cpp">
      <Filter>MainSource</Filter>
    </ClCompile>
    <ClCompile Include="Dependences\include\stb_image\stb_vorbis.c">
      <Filter>MainSource</Filter>
    </ClCompile>
    <ClCompile Include="GraphicEffects\Terrain\Terrain.cpp">
      <Filter>MainSource</Filter>
    </ClCompile>
    <ClCompile Include="EngineCore\Engine\Private\EngineGlobal.cpp">
      <Filter>MainSource</Filter>
    </ClCompile>
  </ItemGroup>
  <ItemGroup>
    <Image Include="Textures\ICONS\GAME_128px_1199103_easyicon.net.ico">
      <Filter>资源文件</Filter>
    </Image>
    <Image Include="Textures\ICONS\gamecontroller_128px_1180532_easyicon.net.ico">
      <Filter>资源文件</Filter>
    </Image>
    <Image Include="Textures\ICONS\gameicon.ico">
      <Filter>资源文件</Filter>
    </Image>
    <Image Include="Textures\ICONS\Arrow.cur">
      <Filter>资源文件</Filter>
    </Image>
  </ItemGroup>
  <ItemGroup>
    <None Include="packages.config" />
    <None Include="EngineCore\Graphics\Public\GraphicsCore.h" />
    <None Include="EngineCore\Graphics\Public\SamplerManager.h" />
    <None Include="EngineCore\Graphics\Public\GPUBuffer.h" />
    <None Include="EngineCore\Graphics\Private\GPUBuffer.cpp">
      <Filter>MainSource</Filter>
    </None>
    <None Include="EngineCore\Math\Functions.inl" />
    <None Include="EngineCore\Graphics\Public\Color.h" />
    <None Include="EngineCore\Graphics\Public\PixelBuffer.h" />
    <None Include="EngineCore\Graphics\Private\Color.cpp">
      <Filter>MainSource</Filter>
    </None>
    <None Include="EngineCore\Graphics\Private\DynamicUploadBuffer.cpp">
      <Filter>MainSource</Filter>
    </None>
    <None Include="EngineCore\Graphics\Public\GPUTimeManager.h" />
    <None Include="EngineCore\Graphics\Public\ColorBuffer.h" />
    <None Include="EngineCore\Graphics\Public\CommandAllocatorPool.h" />
    <None Include="EngineCore\Graphics\Public\CommandContext.h" />
    <None Include="EngineCore\Graphics\Public\CommandListManager.h" />
    <None Include="EngineCore\Graphics\Public\CommandSignature.h" />
    <None Include="EngineCore\Graphics\Public\DepthBuffer.h" />
    <None Include="EngineCore\Graphics\Public\DescriptorHeap.h" />
    <None Include="EngineCore\Graphics\Public\DynamicDescriptorHeap.h" />
    <None Include="EngineCore\Graphics\Public\DynamicUploadBuffer.h" />
    <None Include="EngineCore\Graphics\Public\GPUResource.h" />
    <None Include="EngineCore\Graphics\Public\GraphicsCommon.h" />
    <None Include="EngineCore\Graphics\Public\LinearAllocator.h" />
    <None Include="EngineCore\Graphics\Public\PipelineState.h" />
    <None Include="EngineCore\Graphics\Public\ReadbackBuffer.h" />
    <None Include="EngineCore\Graphics\Public\RootSignature.h" />
    <None Include="Shaders\Misc\ShaderUtility.hlsli" />
    <None Include="Shaders\Misc\ColorSpaceUtility.hlsli" />
    <None Include="Shaders\Misc\CommonResource.hlsli" />
    <None Include="Shaders\Misc\PBRLighting.hlsli" />
    <None Include="Dependences\include\DirectXTK12\Inc\SimpleMath.inl" />
    <None Include="Dependences\include\DirectXTK12\Src\Shaders\Compiled\AlphaTestEffect_PSAlphaTestEqNe.inc" />
    <None Include="Dependences\include\DirectXTK12\Src\Shaders\Compiled\AlphaTestEffect_PSAlphaTestEqNeNoFog.inc" />
    <None Include="Dependences\include\DirectXTK12\Src\Shaders\Compiled\AlphaTestEffect_PSAlphaTestLtGt.inc" />
    <None Include="Dependences\include\DirectXTK12\Src\Shaders\Compiled\AlphaTestEffect_PSAlphaTestLtGtNoFog.inc" />
    <None Include="Dependences\include\DirectXTK12\Src\Shaders\Compiled\AlphaTestEffect_VSAlphaTest.inc" />
    <None Include="Dependences\include\DirectXTK12\Src\Shaders\Compiled\AlphaTestEffect_VSAlphaTestNoFog.inc" />
    <None Include="Dependences\include\DirectXTK12\Src\Shaders\Compiled\AlphaTestEffect_VSAlphaTestVc.inc" />
    <None Include="Dependences\include\DirectXTK12\Src\Shaders\Compiled\AlphaTestEffect_VSAlphaTestVcNoFog.inc" />
    <None Include="Dependences\include\DirectXTK12\Src\Shaders\Compiled\BasicEffect_PSBasic.inc" />
    <None Include="Dependences\include\DirectXTK12\Src\Shaders\Compiled\BasicEffect_PSBasicNoFog.inc" />
    <None Include="Dependences\include\DirectXTK12\Src\Shaders\Compiled\BasicEffect_PSBasicPixelLighting.inc" />
    <None Include="Dependences\include\DirectXTK12\Src\Shaders\Compiled\BasicEffect_PSBasicPixelLightingTx.inc" />
    <None Include="Dependences\include\DirectXTK12\Src\Shaders\Compiled\BasicEffect_PSBasicTx.inc" />
    <None Include="Dependences\include\DirectXTK12\Src\Shaders\Compiled\BasicEffect_PSBasicTxNoFog.inc" />
    <None Include="Dependences\include\DirectXTK12\Src\Shaders\Compiled\BasicEffect_PSBasicVertexLighting.inc" />
    <None Include="Dependences\include\DirectXTK12\Src\Shaders\Compiled\BasicEffect_PSBasicVertexLightingNoFog.inc" />
    <None Include="Dependences\include\DirectXTK12\Src\Shaders\Compiled\BasicEffect_PSBasicVertexLightingTx.inc" />
    <None Include="Dependences\include\DirectXTK12\Src\Shaders\Compiled\BasicEffect_PSBasicVertexLightingTxNoFog.inc" />
    <None Include="Dependences\include\DirectXTK12\Src\Shaders\Compiled\BasicEffect_VSBasic.inc" />
    <None Include="Dependences\include\DirectXTK12\Src\Shaders\Compiled\BasicEffect_VSBasicNoFog.inc" />
    <None Include="Dependences\include\DirectXTK12\Src\Shaders\Compiled\BasicEffect_VSBasicPixelLighting.inc" />
    <None Include="Dependences\include\DirectXTK12\Src\Shaders\Compiled\BasicEffect_VSBasicPixelLightingBn.inc" />
    <None Include="Dependences\include\DirectXTK12\Src\Shaders\Compiled\BasicEffect_VSBasicPixelLightingTx.inc" />
    <None Include="Dependences\include\DirectXTK12\Src\Shaders\Compiled\BasicEffect_VSBasicPixelLightingTxBn.inc" />
    <None Include="Dependences\include\DirectXTK12\Src\Shaders\Compiled\BasicEffect_VSBasicPixelLightingTxVc.inc" />
    <None Include="Dependences\include\DirectXTK12\Src\Shaders\Compiled\BasicEffect_VSBasicPixelLightingTxVcBn.inc" />
    <None Include="Dependences\include\DirectXTK12\Src\Shaders\Compiled\BasicEffect_VSBasicPixelLightingVc.inc" />
    <None Include="Dependences\include\DirectXTK12\Src\Shaders\Compiled\BasicEffect_VSBasicPixelLightingVcBn.inc" />
    <None Include="Dependences\include\DirectXTK12\Src\Shaders\Compiled\BasicEffect_VSBasicTx.inc" />
    <None Include="Dependences\include\DirectXTK12\Src\Shaders\Compiled\BasicEffect_VSBasicTxNoFog.inc" />
    <None Include="Dependences\include\DirectXTK12\Src\Shaders\Compiled\BasicEffect_VSBasicTxVc.inc" />
    <None Include="Dependences\include\DirectXTK12\Src\Shaders\Compiled\BasicEffect_VSBasicTxVcNoFog.inc" />
    <None Include="Dependences\include\DirectXTK12\Src\Shaders\Compiled\BasicEffect_VSBasicVc.inc" />
    <None Include="Dependences\include\DirectXTK12\Src\Shaders\Compiled\BasicEffect_VSBasicVcNoFog.inc" />
    <None Include="Dependences\include\DirectXTK12\Src\Shaders\Compiled\BasicEffect_VSBasicVertexLighting.inc" />
    <None Include="Dependences\include\DirectXTK12\Src\Shaders\Compiled\BasicEffect_VSBasicVertexLightingBn.inc" />
    <None Include="Dependences\include\DirectXTK12\Src\Shaders\Compiled\BasicEffect_VSBasicVertexLightingTx.inc" />
    <None Include="Dependences\include\DirectXTK12\Src\Shaders\Compiled\BasicEffect_VSBasicVertexLightingTxBn.inc" />
    <None Include="Dependences\include\DirectXTK12\Src\Shaders\Compiled\BasicEffect_VSBasicVertexLightingTxVc.inc" />
    <None Include="Dependences\include\DirectXTK12\Src\Shaders\Compiled\BasicEffect_VSBasicVertexLightingTxVcBn.inc" />
    <None Include="Dependences\include\DirectXTK12\Src\Shaders\Compiled\BasicEffect_VSBasicVertexLightingVc.inc" />
    <None Include="Dependences\include\DirectXTK12\Src\Shaders\Compiled\BasicEffect_VSBasicVertexLightingVcBn.inc" />
    <None Include="Dependences\include\DirectXTK12\Src\Shaders\Compiled\DebugEffect_PSHemiAmbient.inc" />
    <None Include="Dependences\include\DirectXTK12\Src\Shaders\Compiled\DebugEffect_PSRGBBiTangents.inc" />
    <None Include="Dependences\include\DirectXTK12\Src\Shaders\Compiled\DebugEffect_PSRGBNormals.inc" />
    <None Include="Dependences\include\DirectXTK12\Src\Shaders\Compiled\DebugEffect_PSRGBTangents.inc" />
    <None Include="Dependences\include\DirectXTK12\Src\Shaders\Compiled\DebugEffect_VSDebug.inc" />
    <None Include="Dependences\include\DirectXTK12\Src\Shaders\Compiled\DebugEffect_VSDebugBn.inc" />
    <None Include="Dependences\include\DirectXTK12\Src\Shaders\Compiled\DebugEffect_VSDebugBnInst.inc" />
    <None Include="Dependences\include\DirectXTK12\Src\Shaders\Compiled\DebugEffect_VSDebugInst.inc" />
    <None Include="Dependences\include\DirectXTK12\Src\Shaders\Compiled\DebugEffect_VSDebugVc.inc" />
    <None Include="Dependences\include\DirectXTK12\Src\Shaders\Compiled\DebugEffect_VSDebugVcBn.inc" />
    <None Include="Dependences\include\DirectXTK12\Src\Shaders\Compiled\DebugEffect_VSDebugVcBnInst.inc" />
    <None Include="Dependences\include\DirectXTK12\Src\Shaders\Compiled\DebugEffect_VSDebugVcInst.inc" />
    <None Include="Dependences\include\DirectXTK12\Src\Shaders\Compiled\DualTextureEffect_PSDualTexture.inc" />
    <None Include="Dependences\include\DirectXTK12\Src\Shaders\Compiled\DualTextureEffect_PSDualTextureNoFog.inc" />
    <None Include="Dependences\include\DirectXTK12\Src\Shaders\Compiled\DualTextureEffect_VSDualTexture.inc" />
    <None Include="Dependences\include\DirectXTK12\Src\Shaders\Compiled\DualTextureEffect_VSDualTextureNoFog.inc" />
    <None Include="Dependences\include\DirectXTK12\Src\Shaders\Compiled\DualTextureEffect_VSDualTextureVc.inc" />
    <None Include="Dependences\include\DirectXTK12\Src\Shaders\Compiled\DualTextureEffect_VSDualTextureVcNoFog.inc" />
    <None Include="Dependences\include\DirectXTK12\Src\Shaders\Compiled\EnvironmentMapEffect_PSEnvMap.inc" />
    <None Include="Dependences\include\DirectXTK12\Src\Shaders\Compiled\EnvironmentMapEffect_PSEnvMapDualParabolaPixelLighting.inc" />
    <None Include="Dependences\include\DirectXTK12\Src\Shaders\Compiled\EnvironmentMapEffect_PSEnvMapDualParabolaPixelLightingFresnel.inc" />
    <None Include="Dependences\include\DirectXTK12\Src\Shaders\Compiled\EnvironmentMapEffect_PSEnvMapDualParabolaPixelLightingFresnelNoFog.inc" />
    <None Include="Dependences\include\DirectXTK12\Src\Shaders\Compiled\EnvironmentMapEffect_PSEnvMapDualParabolaPixelLightingNoFog.inc" />
    <None Include="Dependences\include\DirectXTK12\Src\Shaders\Compiled\EnvironmentMapEffect_PSEnvMapNoFog.inc" />
    <None Include="Dependences\include\DirectXTK12\Src\Shaders\Compiled\EnvironmentMapEffect_PSEnvMapPixelLighting.inc" />
    <None Include="Dependences\include\DirectXTK12\Src\Shaders\Compiled\EnvironmentMapEffect_PSEnvMapPixelLightingFresnel.inc" />
    <None Include="Dependences\include\DirectXTK12\Src\Shaders\Compiled\EnvironmentMapEffect_PSEnvMapPixelLightingFresnelNoFog.inc" />
    <None Include="Dependences\include\DirectXTK12\Src\Shaders\Compiled\EnvironmentMapEffect_PSEnvMapPixelLightingNoFog.inc" />
    <None Include="Dependences\include\DirectXTK12\Src\Shaders\Compiled\EnvironmentMapEffect_PSEnvMapSpecular.inc" />
    <None Include="Dependences\include\DirectXTK12\Src\Shaders\Compiled\EnvironmentMapEffect_PSEnvMapSpecularNoFog.inc" />
    <None Include="Dependences\include\DirectXTK12\Src\Shaders\Compiled\EnvironmentMapEffect_PSEnvMapSpherePixelLighting.inc" />
    <None Include="Dependences\include\DirectXTK12\Src\Shaders\Compiled\EnvironmentMapEffect_PSEnvMapSpherePixelLightingFresnel.inc" />
    <None Include="Dependences\include\DirectXTK12\Src\Shaders\Compiled\EnvironmentMapEffect_PSEnvMapSpherePixelLightingFresnelNoFog.inc" />
    <None Include="Dependences\include\DirectXTK12\Src\Shaders\Compiled\EnvironmentMapEffect_PSEnvMapSpherePixelLightingNoFog.inc" />
    <None Include="Dependences\include\DirectXTK12\Src\Shaders\Compiled\EnvironmentMapEffect_VSEnvMap.inc" />
    <None Include="Dependences\include\DirectXTK12\Src\Shaders\Compiled\EnvironmentMapEffect_VSEnvMapBn.inc" />
    <None Include="Dependences\include\DirectXTK12\Src\Shaders\Compiled\EnvironmentMapEffect_VSEnvMapFresnel.inc" />
    <None Include="Dependences\include\DirectXTK12\Src\Shaders\Compiled\EnvironmentMapEffect_VSEnvMapFresnelBn.inc" />
    <None Include="Dependences\include\DirectXTK12\Src\Shaders\Compiled\EnvironmentMapEffect_VSEnvMapPixelLighting.inc" />
    <None Include="Dependences\include\DirectXTK12\Src\Shaders\Compiled\EnvironmentMapEffect_VSEnvMapPixelLightingBn.inc" />
    <None Include="Dependences\include\DirectXTK12\Src\Shaders\Compiled\GenerateMips_main.inc" />
    <None Include="Dependences\include\DirectXTK12\Src\Shaders\Compiled\NormalMapEffect_PSNormalPixelLightingTx.inc" />
    <None Include="Dependences\include\DirectXTK12\Src\Shaders\Compiled\NormalMapEffect_PSNormalPixelLightingTxNoFog.inc" />
    <None Include="Dependences\include\DirectXTK12\Src\Shaders\Compiled\NormalMapEffect_PSNormalPixelLightingTxNoFogSpec.inc" />
    <None Include="Dependences\include\DirectXTK12\Src\Shaders\Compiled\NormalMapEffect_PSNormalPixelLightingTxNoSpec.inc" />
    <None Include="Dependences\include\DirectXTK12\Src\Shaders\Compiled\NormalMapEffect_VSNormalPixelLightingTx.inc" />
    <None Include="Dependences\include\DirectXTK12\Src\Shaders\Compiled\NormalMapEffect_VSNormalPixelLightingTxBn.inc" />
    <None Include="Dependences\include\DirectXTK12\Src\Shaders\Compiled\NormalMapEffect_VSNormalPixelLightingTxBnInst.inc" />
    <None Include="Dependences\include\DirectXTK12\Src\Shaders\Compiled\NormalMapEffect_VSNormalPixelLightingTxInst.inc" />
    <None Include="Dependences\include\DirectXTK12\Src\Shaders\Compiled\NormalMapEffect_VSNormalPixelLightingTxNoSpec.inc" />
    <None Include="Dependences\include\DirectXTK12\Src\Shaders\Compiled\NormalMapEffect_VSNormalPixelLightingTxNoSpecBn.inc" />
    <None Include="Dependences\include\DirectXTK12\Src\Shaders\Compiled\NormalMapEffect_VSNormalPixelLightingTxNoSpecBnInst.inc" />
    <None Include="Dependences\include\DirectXTK12\Src\Shaders\Compiled\NormalMapEffect_VSNormalPixelLightingTxNoSpecInst.inc" />
    <None Include="Dependences\include\DirectXTK12\Src\Shaders\Compiled\NormalMapEffect_VSNormalPixelLightingTxVc.inc" />
    <None Include="Dependences\include\DirectXTK12\Src\Shaders\Compiled\NormalMapEffect_VSNormalPixelLightingTxVcBn.inc" />
    <None Include="Dependences\include\DirectXTK12\Src\Shaders\Compiled\NormalMapEffect_VSNormalPixelLightingTxVcBnInst.inc" />
    <None Include="Dependences\include\DirectXTK12\Src\Shaders\Compiled\NormalMapEffect_VSNormalPixelLightingTxVcInst.inc" />
    <None Include="Dependences\include\DirectXTK12\Src\Shaders\Compiled\NormalMapEffect_VSNormalPixelLightingTxVcNoSpec.inc" />
    <None Include="Dependences\include\DirectXTK12\Src\Shaders\Compiled\NormalMapEffect_VSNormalPixelLightingTxVcNoSpecBn.inc" />
    <None Include="Dependences\include\DirectXTK12\Src\Shaders\Compiled\NormalMapEffect_VSNormalPixelLightingTxVcNoSpecBnInst.inc" />
    <None Include="Dependences\include\DirectXTK12\Src\Shaders\Compiled\NormalMapEffect_VSNormalPixelLightingTxVcNoSpecInst.inc" />
    <None Include="Dependences\include\DirectXTK12\Src\Shaders\Compiled\NormalMapEffect_VSSkinnedPixelLightingTx.inc" />
    <None Include="Dependences\include\DirectXTK12\Src\Shaders\Compiled\NormalMapEffect_VSSkinnedPixelLightingTxBn.inc" />
    <None Include="Dependences\include\DirectXTK12\Src\Shaders\Compiled\NormalMapEffect_VSSkinnedPixelLightingTxNoSpec.inc" />
    <None Include="Dependences\include\DirectXTK12\Src\Shaders\Compiled\NormalMapEffect_VSSkinnedPixelLightingTxNoSpecBn.inc" />
    <None Include="Dependences\include\DirectXTK12\Src\Shaders\Compiled\PBREffect_PSConstant.inc" />
    <None Include="Dependences\include\DirectXTK12\Src\Shaders\Compiled\PBREffect_PSTextured.inc" />
    <None Include="Dependences\include\DirectXTK12\Src\Shaders\Compiled\PBREffect_PSTexturedEmissive.inc" />
    <None Include="Dependences\include\DirectXTK12\Src\Shaders\Compiled\PBREffect_PSTexturedEmissiveVelocity.inc" />
    <None Include="Dependences\include\DirectXTK12\Src\Shaders\Compiled\PBREffect_PSTexturedVelocity.inc" />
    <None Include="Dependences\include\DirectXTK12\Src\Shaders\Compiled\PBREffect_VSConstant.inc" />
    <None Include="Dependences\include\DirectXTK12\Src\Shaders\Compiled\PBREffect_VSConstantBn.inc" />
    <None Include="Dependences\include\DirectXTK12\Src\Shaders\Compiled\PBREffect_VSConstantBnInst.inc" />
    <None Include="Dependences\include\DirectXTK12\Src\Shaders\Compiled\PBREffect_VSConstantInst.inc" />
    <None Include="Dependences\include\DirectXTK12\Src\Shaders\Compiled\PBREffect_VSConstantVelocity.inc" />
    <None Include="Dependences\include\DirectXTK12\Src\Shaders\Compiled\PBREffect_VSConstantVelocityBn.inc" />
    <None Include="Dependences\include\DirectXTK12\Src\Shaders\Compiled\PBREffect_VSSkinned.inc" />
    <None Include="Dependences\include\DirectXTK12\Src\Shaders\Compiled\PBREffect_VSSkinnedBn.inc" />
    <None Include="Dependences\include\DirectXTK12\Src\Shaders\Compiled\PostProcess_PSBloomBlur.inc" />
    <None Include="Dependences\include\DirectXTK12\Src\Shaders\Compiled\PostProcess_PSBloomCombine.inc" />
    <None Include="Dependences\include\DirectXTK12\Src\Shaders\Compiled\PostProcess_PSBloomExtract.inc" />
    <None Include="Dependences\include\DirectXTK12\Src\Shaders\Compiled\PostProcess_PSCopy.inc" />
    <None Include="Dependences\include\DirectXTK12\Src\Shaders\Compiled\PostProcess_PSDownScale2x2.inc" />
    <None Include="Dependences\include\DirectXTK12\Src\Shaders\Compiled\PostProcess_PSDownScale4x4.inc" />
    <None Include="Dependences\include\DirectXTK12\Src\Shaders\Compiled\PostProcess_PSGaussianBlur5x5.inc" />
    <None Include="Dependences\include\DirectXTK12\Src\Shaders\Compiled\PostProcess_PSMerge.inc" />
    <None Include="Dependences\include\DirectXTK12\Src\Shaders\Compiled\PostProcess_PSMonochrome.inc" />
    <None Include="Dependences\include\DirectXTK12\Src\Shaders\Compiled\PostProcess_PSSepia.inc" />
    <None Include="Dependences\include\DirectXTK12\Src\Shaders\Compiled\PostProcess_VSQuad.inc" />
    <None Include="Dependences\include\DirectXTK12\Src\Shaders\Compiled\PostProcess_VSQuadDual.inc" />
    <None Include="Dependences\include\DirectXTK12\Src\Shaders\Compiled\PostProcess_VSQuadNoCB.inc" />
    <None Include="Dependences\include\DirectXTK12\Src\Shaders\Compiled\SkinnedEffect_PSSkinnedPixelLighting.inc" />
    <None Include="Dependences\include\DirectXTK12\Src\Shaders\Compiled\SkinnedEffect_PSSkinnedVertexLighting.inc" />
    <None Include="Dependences\include\DirectXTK12\Src\Shaders\Compiled\SkinnedEffect_PSSkinnedVertexLightingNoFog.inc" />
    <None Include="Dependences\include\DirectXTK12\Src\Shaders\Compiled\SkinnedEffect_VSSkinnedPixelLightingFourBones.inc" />
    <None Include="Dependences\include\DirectXTK12\Src\Shaders\Compiled\SkinnedEffect_VSSkinnedPixelLightingFourBonesBn.inc" />
    <None Include="Dependences\include\DirectXTK12\Src\Shaders\Compiled\SkinnedEffect_VSSkinnedVertexLightingFourBones.inc" />
    <None Include="Dependences\include\DirectXTK12\Src\Shaders\Compiled\SkinnedEffect_VSSkinnedVertexLightingFourBonesBn.inc" />
    <None Include="Dependences\include\DirectXTK12\Src\Shaders\Compiled\SpriteEffect_SpritePixelShader.inc" />
    <None Include="Dependences\include\DirectXTK12\Src\Shaders\Compiled\SpriteEffect_SpritePixelShaderHeap.inc" />
    <None Include="Dependences\include\DirectXTK12\Src\Shaders\Compiled\SpriteEffect_SpriteVertexShader.inc" />
    <None Include="Dependences\include\DirectXTK12\Src\Shaders\Compiled\SpriteEffect_SpriteVertexShaderHeap.inc" />
    <None Include="Dependences\include\DirectXTK12\Src\Shaders\Compiled\ToneMap_PS_SRGB.inc" />
    <None Include="Dependences\include\DirectXTK12\Src\Shaders\Compiled\ToneMap_PSACESFilmic.inc" />
    <None Include="Dependences\include\DirectXTK12\Src\Shaders\Compiled\ToneMap_PSACESFilmic_SRGB.inc" />
    <None Include="Dependences\include\DirectXTK12\Src\Shaders\Compiled\ToneMap_PSCopy.inc" />
    <None Include="Dependences\include\DirectXTK12\Src\Shaders\Compiled\ToneMap_PSHDR10.inc" />
    <None Include="Dependences\include\DirectXTK12\Src\Shaders\Compiled\ToneMap_PSReinhard.inc" />
    <None Include="Dependences\include\DirectXTK12\Src\Shaders\Compiled\ToneMap_PSReinhard_SRGB.inc" />
    <None Include="Dependences\include\DirectXTK12\Src\Shaders\Compiled\ToneMap_PSSaturate.inc" />
    <None Include="Dependences\include\DirectXTK12\Src\Shaders\Compiled\ToneMap_PSSaturate_SRGB.inc" />
    <None Include="Dependences\include\DirectXTK12\Src\Shaders\Compiled\ToneMap_VSQuad.inc" />
    <None Include="Dependences\include\DirectXTK12\Src\TeapotData.inc" />
    <None Include="Shaders\Misc\ToneMappingUtility.hlsli" />
  </ItemGroup>
  <ItemGroup>
    <Library Include="Dependences\lib\ozz\debug\ozz_animation_d.lib" />
    <Library Include="Dependences\lib\ozz\debug\sample_framework_d.lib" />
    <Library Include="Dependences\lib\ozz\debug\ozz_animation_offline_d.lib" />
    <Library Include="Dependences\lib\ozz\debug\ozz_animation_tools_d.lib" />
    <Library Include="Dependences\lib\ozz\debug\ozz_base_d.lib" />
    <Library Include="Dependences\lib\ozz\debug\ozz_geometry_d.lib" />
    <Library Include="Dependences\lib\ozz\debug\ozz_options_d.lib" />
  </ItemGroup>
  <ItemGroup>
    <FxCompile Include="Shaders\Present\PresentSDRPS.hlsl" />
    <FxCompile Include="Shaders\Misc\ScreenQuadVS.hlsl" />
    <FxCompile Include="Shaders\Present\BufferCopyPS.hlsl" />
    <FxCompile Include="Shaders\Sky\SkyPS.hlsl" />
    <FxCompile Include="Shaders\Sky\SkyVS.hlsl" />
    <FxCompile Include="Shaders\PBRInstanceModel\InstanceModelVS.hlsl" />
    <FxCompile Include="Shaders\PBRInstanceModel\InstanceModelPS.hlsl" />
    <FxCompile Include="Shaders\Shadow\ModelShadowVS.hlsl" />
    <FxCompile Include="Shaders\Shadow\ModelShadowPS.hlsl" />
    <FxCompile Include="Shaders\GI\BakingEnvDiffuseVS.hlsl" />
    <FxCompile Include="Shaders\GI\BakingEnvDiffusePS.hlsl" />
    <FxCompile Include="Shaders\GI\PreFilteredEnvironmentMapPS.hlsl" />
    <FxCompile Include="Shaders\GI\BakingBRDFPS.hlsl" />
  </ItemGroup>
</Project>