<?xml version="1.0" encoding="utf-8"?>
<Project ToolsVersion="4.0" xmlns="http://schemas.microsoft.com/developer/msbuild/2003">
  <ItemGroup>
    <Filter Include="资源文件">
      <UniqueIdentifier>{67DA6AB6-F800-4c08-8B7A-83BB121AAD01}</UniqueIdentifier>
      <Extensions>rc;ico;cur;bmp;dlg;rc2;rct;bin;rgs;gif;jpg;jpeg;jpe;resx;tiff;tif;png;wav;mfcribbon-ms</Extensions>
    </Filter>
    <Filter Include="Head Files">
      <UniqueIdentifier>{93995380-89BD-4b04-88EB-625FBE52EBFB}</UniqueIdentifier>
      <Extensions>h;hh;hpp;hxx;h++;hm;inl;inc;ipp;xsd</Extensions>
    </Filter>
    <Filter Include="Source Files">
      <UniqueIdentifier>{4FC737F1-C7A5-4376-A066-2A32D752A2FF}</UniqueIdentifier>
      <Extensions>cpp;c;cc;cxx;c++;cppm;ixx;def;odl;idl;hpj;bat;asm;asmx</Extensions>
    </Filter>
    <Filter Include="资源文件\Shaders">
      <UniqueIdentifier>{4b0f09ad-8c71-47c0-8191-2a5d4cb84ee8}</UniqueIdentifier>
    </Filter>
    <Filter Include="Source Files\UImisc">
      <UniqueIdentifier>{3f431656-8148-495a-be29-f0e0fc1d3162}</UniqueIdentifier>
    </Filter>
    <Filter Include="Head Files\Animation">
      <UniqueIdentifier>{0594649a-76ee-4be4-a7d8-bbdc709270f5}</UniqueIdentifier>
    </Filter>
    <Filter Include="Source Files\Animation">
      <UniqueIdentifier>{560d0d8e-e3d5-492d-b83e-ae8a1be61c00}</UniqueIdentifier>
    </Filter>
  </ItemGroup>
  <ItemGroup>
    <ClInclude Include="framework.h">
      <Filter>Head Files</Filter>
    </ClInclude>
    <ClInclude Include="targetver.h">
      <Filter>Head Files</Filter>
    </ClInclude>
    <ClInclude Include="Resource.h">
      <Filter>Head Files</Filter>
    </ClInclude>
    <ClInclude Include="FrameResource.h">
      <Filter>Head Files</Filter>
    </ClInclude>
    <ClInclude Include="ShaderSource\Public\BaseShader.h">
      <Filter>Head Files</Filter>
    </ClInclude>
    <ClInclude Include="ShaderSource\Public\ComplexStaticModelInstanceShader.h">
      <Filter>Head Files</Filter>
    </ClInclude>
    <ClInclude Include="ShaderSource\Public\GerstnerWaveShader.h">
      <Filter>Head Files</Filter>
    </ClInclude>
    <ClInclude Include="ShaderSource\Public\GrassShader.h">
      <Filter>Head Files</Filter>
    </ClInclude>
    <ClInclude Include="ShaderSource\Public\HeightMapTerrainShader.h">
      <Filter>Head Files</Filter>
    </ClInclude>
    <ClInclude Include="ShaderSource\Public\ShockWaveWaterShader.h">
      <Filter>Head Files</Filter>
    </ClInclude>
    <ClInclude Include="ShaderSource\Public\SimpleGeometryInstanceShader.h">
      <Filter>Head Files</Filter>
    </ClInclude>
    <ClInclude Include="ShaderSource\Public\SimpleGeometryShadowMapShader.h">
      <Filter>Head Files</Filter>
    </ClInclude>
    <ClInclude Include="ShaderSource\Public\SkinAnimeShader.h">
      <Filter>Head Files</Filter>
    </ClInclude>
    <ClInclude Include="ShaderSource\Public\SkyShader.h">
      <Filter>Head Files</Filter>
    </ClInclude>
    <ClInclude Include="ShaderSource\Public\WaterRefractionMaskShader.h">
      <Filter>Head Files</Filter>
    </ClInclude>
    <ClInclude Include="RanderEffects\HDRSky\Public\Sky.h">
      <Filter>Head Files</Filter>
    </ClInclude>
    <ClInclude Include="RanderEffects\ParticleSystem\Public\BaseParticle.h">
      <Filter>Head Files</Filter>
    </ClInclude>
    <ClInclude Include="RanderEffects\ParticleSystem\Public\ParticleGroup.h">
      <Filter>Head Files</Filter>
    </ClInclude>
    <ClInclude Include="RanderEffects\ParticleSystem\Public\ParticleSystem.h">
      <Filter>Head Files</Filter>
    </ClInclude>
    <ClInclude Include="RanderEffects\Shadow\Public\ShadowMap.h">
      <Filter>Head Files</Filter>
    </ClInclude>
    <ClInclude Include="RanderEffects\Terrain\Public\HeightmapTerrain.h">
      <Filter>Head Files</Filter>
    </ClInclude>
    <ClInclude Include="RanderEffects\SimpleGeoInstance\SimpleGeoInstance.h">
      <Filter>Head Files</Filter>
    </ClInclude>
    <ClInclude Include="RanderEffects\Terrain\Public\Grass.h">
      <Filter>Head Files</Filter>
    </ClInclude>
    <ClInclude Include="RanderEffects\ShockWaveWater\Public\ShockWaveWater.h">
      <Filter>Head Files</Filter>
    </ClInclude>
    <ClInclude Include="RanderEffects\Water\Public\Waves.h">
      <Filter>Head Files</Filter>
    </ClInclude>
    <ClInclude Include="Direct3D12Window.h">
      <Filter>Head Files</Filter>
    </ClInclude>
    <ClInclude Include="UploadBuffer.h">
      <Filter>Head Files</Filter>
    </ClInclude>
    <ClInclude Include="TextureManage.h">
      <Filter>Head Files</Filter>
    </ClInclude>
    <ClInclude Include="Animation\Animations.h">
      <Filter>Head Files\Animation</Filter>
    </ClInclude>
    <ClInclude Include="Animation\AnimEvaluator.h">
      <Filter>Head Files\Animation</Filter>
    </ClInclude>
    <ClInclude Include="Animation\ModelLoader.h">
      <Filter>Head Files\Animation</Filter>
    </ClInclude>
    <ClInclude Include="Animation\ModelMesh.h">
      <Filter>Head Files\Animation</Filter>
    </ClInclude>
    <ClInclude Include="Animation\OzzAnimePlayBack.h">
      <Filter>Head Files\Animation</Filter>
    </ClInclude>
    <ClInclude Include="Material.h">
      <Filter>Head Files</Filter>
    </ClInclude>
    <ClInclude Include="EngineGUI.h">
      <Filter>Head Files</Filter>
    </ClInclude>
    <ClInclude Include="GeometryGenerator.h">
      <Filter>Head Files</Filter>
    </ClInclude>
  </ItemGroup>
  <ItemGroup>
    <ClCompile Include="FrameResource.cpp">
      <Filter>Source Files</Filter>
    </ClCompile>
    <ClCompile Include="RanderEffects\HDRSky\Private\Sky.cpp">
      <Filter>Source Files</Filter>
    </ClCompile>
    <ClCompile Include="RanderEffects\Terrain\Private\HeightmapTerrain.cpp">
      <Filter>Source Files</Filter>
    </ClCompile>
    <ClCompile Include="RanderEffects\Terrain\Private\Grass.cpp">
      <Filter>Source Files</Filter>
    </ClCompile>
    <ClCompile Include="RanderEffects\SimpleGeoInstance\SimpleGeoInstance.cpp">
      <Filter>Source Files</Filter>
    </ClCompile>
    <ClCompile Include="RanderEffects\ParticleSystem\Private\BaseParticle.cpp">
      <Filter>Source Files</Filter>
    </ClCompile>
    <ClCompile Include="RanderEffects\ShockWaveWater\Private\ShockWaveWater.cpp">
      <Filter>Source Files</Filter>
    </ClCompile>
    <ClCompile Include="RanderEffects\Shadow\Private\ShadowMap.cpp">
      <Filter>Source Files</Filter>
    </ClCompile>
    <ClCompile Include="RanderEffects\ParticleSystem\Private\ParticleGroup.cpp">
      <Filter>Source Files</Filter>
    </ClCompile>
    <ClCompile Include="RanderEffects\ParticleSystem\Private\ParticleSystem.cpp">
      <Filter>Source Files</Filter>
    </ClCompile>
    <ClCompile Include="RanderEffects\Water\Private\Waves.cpp">
      <Filter>Source Files</Filter>
    </ClCompile>
    <ClCompile Include="ShaderSource\Private\BaseShader.cpp">
      <Filter>Source Files</Filter>
    </ClCompile>
    <ClCompile Include="ShaderSource\Private\ComplexStaticModelInstanceShader.cpp">
      <Filter>Source Files</Filter>
    </ClCompile>
    <ClCompile Include="ShaderSource\Private\GerstnerWaveShader.cpp">
      <Filter>Source Files</Filter>
    </ClCompile>
    <ClCompile Include="ShaderSource\Private\GrassShader.cpp">
      <Filter>Source Files</Filter>
    </ClCompile>
    <ClCompile Include="ShaderSource\Private\HeightMapTerrainShader.cpp">
      <Filter>Source Files</Filter>
    </ClCompile>
    <ClCompile Include="ShaderSource\Private\ShockWaveWaterShader.cpp">
      <Filter>Source Files</Filter>
    </ClCompile>
    <ClCompile Include="ShaderSource\Private\SimpleGeometryInstanceShader.cpp">
      <Filter>Source Files</Filter>
    </ClCompile>
    <ClCompile Include="ShaderSource\Private\SimpleGeometryShadowMapShader.cpp">
      <Filter>Source Files</Filter>
    </ClCompile>
    <ClCompile Include="ShaderSource\Private\SkinAnimeShader.cpp">
      <Filter>Source Files</Filter>
    </ClCompile>
    <ClCompile Include="ShaderSource\Private\SkyShader.cpp">
      <Filter>Source Files</Filter>
    </ClCompile>
    <ClCompile Include="ShaderSource\Private\WaterRefractionMaskShader.cpp">
      <Filter>Source Files</Filter>
    </ClCompile>
    <ClCompile Include="PSOManager.cpp">
      <Filter>Source Files</Filter>
    </ClCompile>
    <ClCompile Include="Direct3D12Window.cpp">
      <Filter>Source Files</Filter>
    </ClCompile>
    <ClCompile Include="TextureManage.cpp">
      <Filter>Source Files</Filter>
    </ClCompile>
    <ClCompile Include="Material.cpp">
      <Filter>Source Files</Filter>
    </ClCompile>
    <ClCompile Include="EngineGUI.cpp">
      <Filter>Source Files</Filter>
    </ClCompile>
    <ClCompile Include="GeometryGenerator.cpp">
      <Filter>Source Files</Filter>
    </ClCompile>
    <ClCompile Include="Animation\Animations.cpp">
      <Filter>Source Files\Animation</Filter>
    </ClCompile>
    <ClCompile Include="Animation\AnimEvaluator.cpp">
      <Filter>Source Files\Animation</Filter>
    </ClCompile>
    <ClCompile Include="Animation\ModelLoader.cpp">
      <Filter>Source Files\Animation</Filter>
    </ClCompile>
    <ClCompile Include="Animation\ModelMesh.cpp">
      <Filter>Source Files\Animation</Filter>
    </ClCompile>
    <ClCompile Include="WinMain.cpp">
      <Filter>Source Files</Filter>
    </ClCompile>
  </ItemGroup>
  <ItemGroup>
    <ResourceCompile Include="EngineDemo(Old Framework).rc">
      <Filter>资源文件</Filter>
    </ResourceCompile>
  </ItemGroup>
  <ItemGroup>
    <Image Include="..\Resource\Textures\ICONS\gamecontroller_128px_1180532_easyicon.net.ico">
      <Filter>资源文件</Filter>
    </Image>
  </ItemGroup>
  <ItemGroup>
    <None Include="..\Resource\Textures\ICONS\Arrow.cur">
      <Filter>资源文件</Filter>
    </None>
    <None Include="packages.config" />
  </ItemGroup>
  <ItemGroup>
    <CopyFileToFolders Include="..\Resource\UImisc\fonts\binary_to_compressed_c.cpp">
      <Filter>Source Files\UImisc</Filter>
    </CopyFileToFolders>
    <CopyFileToFolders Include="..\Resource\UImisc\cpp\imgui_stdlib.cpp">
      <Filter>Source Files\UImisc</Filter>
    </CopyFileToFolders>
    <CopyFileToFolders Include="..\Resource\UImisc\cpp\imgui_stdlib.h">
      <Filter>Source Files\UImisc</Filter>
    </CopyFileToFolders>
    <CopyFileToFolders Include="..\Resource\UImisc\freetype\imgui_freetype.cpp">
      <Filter>Source Files\UImisc</Filter>
    </CopyFileToFolders>
    <CopyFileToFolders Include="..\Resource\UImisc\freetype\imgui_freetype.h">
      <Filter>Source Files\UImisc</Filter>
    </CopyFileToFolders>
    <CopyFileToFolders Include="..\Resource\UImisc\single_file\imgui_single_file.h">
      <Filter>Source Files\UImisc</Filter>
    </CopyFileToFolders>
    <CopyFileToFolders Include="Shaders\Common.hlsli">
      <Filter>资源文件\Shaders</Filter>
    </CopyFileToFolders>
    <CopyFileToFolders Include="Shaders\ComplexModelInstancePS.hlsl">
      <Filter>资源文件\Shaders</Filter>
    </CopyFileToFolders>
    <CopyFileToFolders Include="Shaders\DefaultPS.hlsl">
      <Filter>资源文件\Shaders</Filter>
    </CopyFileToFolders>
    <CopyFileToFolders Include="Shaders\DefaultVS.hlsl">
      <Filter>资源文件\Shaders</Filter>
    </CopyFileToFolders>
    <CopyFileToFolders Include="Shaders\Fog.hlsli">
      <Filter>资源文件\Shaders</Filter>
    </CopyFileToFolders>
    <CopyFileToFolders Include="Shaders\GrassGS.hlsl">
      <Filter>资源文件\Shaders</Filter>
    </CopyFileToFolders>
    <CopyFileToFolders Include="Shaders\GrassPS.hlsl">
      <Filter>资源文件\Shaders</Filter>
    </CopyFileToFolders>
    <CopyFileToFolders Include="Shaders\GrassShadowGS.hlsl">
      <Filter>资源文件\Shaders</Filter>
    </CopyFileToFolders>
    <CopyFileToFolders Include="Shaders\GrassShadowVS.hlsl">
      <Filter>资源文件\Shaders</Filter>
    </CopyFileToFolders>
    <CopyFileToFolders Include="Shaders\GrassVS.hlsl">
      <Filter>资源文件\Shaders</Filter>
    </CopyFileToFolders>
    <CopyFileToFolders Include="Shaders\HeightMapTerrainDS.hlsl">
      <Filter>资源文件\Shaders</Filter>
    </CopyFileToFolders>
    <CopyFileToFolders Include="Shaders\HeightMapTerrainHS.hlsl">
      <Filter>资源文件\Shaders</Filter>
    </CopyFileToFolders>
    <CopyFileToFolders Include="Shaders\HeightMapTerrainPS.hlsl">
      <Filter>资源文件\Shaders</Filter>
    </CopyFileToFolders>
    <CopyFileToFolders Include="Shaders\HeightMapTerrainVS.hlsl">
      <Filter>资源文件\Shaders</Filter>
    </CopyFileToFolders>
    <CopyFileToFolders Include="Shaders\PBRLighting.hlsli">
      <Filter>资源文件\Shaders</Filter>
    </CopyFileToFolders>
    <CopyFileToFolders Include="Shaders\ShockWaveWaterPS.hlsl">
      <Filter>资源文件\Shaders</Filter>
    </CopyFileToFolders>
    <CopyFileToFolders Include="Shaders\ShockWaveWaterVS.hlsl">
      <Filter>资源文件\Shaders</Filter>
    </CopyFileToFolders>
    <CopyFileToFolders Include="Shaders\SimpleGeoInstancePS.hlsl">
      <Filter>资源文件\Shaders</Filter>
    </CopyFileToFolders>
    <CopyFileToFolders Include="Shaders\SimpleGeoInstanceShadowPS.hlsl">
      <Filter>资源文件\Shaders</Filter>
    </CopyFileToFolders>
    <CopyFileToFolders Include="Shaders\SimpleGeoInstanceShadowVS.hlsl">
      <Filter>资源文件\Shaders</Filter>
    </CopyFileToFolders>
    <CopyFileToFolders Include="Shaders\SimpleGeoInstanceVS.hlsl">
      <Filter>资源文件\Shaders</Filter>
    </CopyFileToFolders>
    <CopyFileToFolders Include="Shaders\SkyPS.hlsl">
      <Filter>资源文件\Shaders</Filter>
    </CopyFileToFolders>
    <CopyFileToFolders Include="Shaders\SkyVS.hlsl">
      <Filter>资源文件\Shaders</Filter>
    </CopyFileToFolders>
    <CopyFileToFolders Include="Shaders\TerrainConstBuffer.hlsli">
      <Filter>资源文件\Shaders</Filter>
    </CopyFileToFolders>
    <CopyFileToFolders Include="Shaders\WaterRefractionMaskPS.hlsl">
      <Filter>资源文件\Shaders</Filter>
    </CopyFileToFolders>
    <CopyFileToFolders Include="Shaders\WaterRefractionMaskVS.hlsl">
      <Filter>资源文件\Shaders</Filter>
    </CopyFileToFolders>
    <CopyFileToFolders Include="..\Resource\UImisc\fonts\Cousine-Regular.ttf">
      <Filter>资源文件</Filter>
    </CopyFileToFolders>
    <CopyFileToFolders Include="..\Resource\UImisc\fonts\DroidSans.ttf">
      <Filter>资源文件</Filter>
    </CopyFileToFolders>
    <CopyFileToFolders Include="..\Resource\UImisc\natvis\imgui.natvis">
      <Filter>资源文件</Filter>
    </CopyFileToFolders>
    <CopyFileToFolders Include="..\Resource\UImisc\fonts\Karla-Regular.ttf">
      <Filter>资源文件</Filter>
    </CopyFileToFolders>
    <CopyFileToFolders Include="..\Resource\UImisc\fonts\ProggyClean.ttf">
      <Filter>资源文件</Filter>
    </CopyFileToFolders>
    <CopyFileToFolders Include="..\Resource\UImisc\fonts\ProggyTiny.ttf">
      <Filter>资源文件</Filter>
    </CopyFileToFolders>
    <CopyFileToFolders Include="..\Resource\UImisc\fonts\Roboto-Medium.ttf">
      <Filter>资源文件</Filter>
    </CopyFileToFolders>
  </ItemGroup>
</Project>